
Microsoft Visual Studio Solution File, Format Version 12.00
# Visual Studio 14
VisualStudioVersion = 14.0.25420.1
MinimumVisualStudioVersion = 10.0.40219.1
Project("{2150E333-8FDC-42A3-9474-1A3956D46DE8}") = "api-crypto", "api-crypto", "{251CDC5A-AC61-4864-B29A-F41C53A14E69}"
EndProject
Project("{2150E333-8FDC-42A3-9474-1A3956D46DE8}") = "api-asn", "api-asn", "{5F9453A8-42CD-4673-AD62-D4430C3A1E5C}"
EndProject
Project("{2150E333-8FDC-42A3-9474-1A3956D46DE8}") = "api-infra", "api-infra", "{C3D41F21-0F89-4FA4-8A40-2EB938978F27}"
EndProject
Project("{2150E333-8FDC-42A3-9474-1A3956D46DE8}") = "api-certstore", "api-certstore", "{32233A81-B39D-404D-B6E3-9A776E94D1F4}"
EndProject
Project("{2150E333-8FDC-42A3-9474-1A3956D46DE8}") = "api-certvalidation", "api-certvalidation", "{E646585D-622F-4810-A46B-CA01A7C96B51}"
EndProject
Project("{2150E333-8FDC-42A3-9474-1A3956D46DE8}") = "api-cmssignature", "api-cmssignature", "{8D5D1F5F-6707-42E2-84E8-B7A916FFEA19}"
EndProject
Project("{2150E333-8FDC-42A3-9474-1A3956D46DE8}") = "api-cmsenvelope", "api-cmsenvelope", "{F70EBC22-A2AA-4FB8-BA15-5697F26B71C6}"
EndProject
Project("{2150E333-8FDC-42A3-9474-1A3956D46DE8}") = "api-imza-test", "api-imza-test", "{65FE9E66-DB32-4B51-800C-BA68928A82A3}"
EndProject
Project("{2150E333-8FDC-42A3-9474-1A3956D46DE8}") = "api-xmlsignature", "api-xmlsignature", "{1D892556-7B9E-4ECC-9459-C20572045165}"
EndProject
Project("{2150E333-8FDC-42A3-9474-1A3956D46DE8}") = "api-common", "api-common", "{F005C932-90EA-45EC-8FDE-67A87157336C}"
EndProject
Project("{2150E333-8FDC-42A3-9474-1A3956D46DE8}") = "api-smartcard", "api-smartcard", "{83AB74DB-9EF8-4F62-8EEB-925715405F50}"
EndProject
Project("{2150E333-8FDC-42A3-9474-1A3956D46DE8}") = "api-signature", "api-signature", "{649E03E8-D179-4139-872D-AD2280D70831}"
EndProject
Project("{2150E333-8FDC-42A3-9474-1A3956D46DE8}") = "api-tsl", "api-tsl", "{532F3539-96FB-4405-B8D6-97682940825D}"
EndProject
Project("{2150E333-8FDC-42A3-9474-1A3956D46DE8}") = "api-asic", "api-asic", "{5E3979B2-2580-4C44-908F-BCDCB5B3BB92}"
EndProject
Project("{2150E333-8FDC-42A3-9474-1A3956D46DE8}") = "api-mssclient", "api-mssclient", "{C6798E2E-9573-4C4C-8424-694879B85EF6}"
EndProject
Project("{FAE04EC0-301F-11D3-BF4B-00C04F79EFBC}") = "bouncyprovider", "..\..\api-crypto\bouncyprovider\csharp\bouncyprovider.csproj", "{64916A9E-4971-4FF2-9DAF-65AB1FBD2048}"
EndProject
Project("{FAE04EC0-301F-11D3-BF4B-00C04F79EFBC}") = "api-asn", "..\..\api-asn\csharp\api-asn.csproj", "{307F1CDC-084E-4A9D-9208-0943DE95DA0F}"
EndProject
Project("{FAE04EC0-301F-11D3-BF4B-00C04F79EFBC}") = "api-infra", "..\..\api-infra\csharp\api-infra.csproj", "{98C61CEF-1EE1-4594-941A-B364DD57EA90}"
EndProject
Project("{FAE04EC0-301F-11D3-BF4B-00C04F79EFBC}") = "api-certstore", "..\..\api-certstore\csharp\api-certstore.csproj", "{4844D59F-ACA3-43A1-8598-448B4EB3DE90}"
EndProject
Project("{FAE04EC0-301F-11D3-BF4B-00C04F79EFBC}") = "api-certstore-test", "..\..\api-certstore\csharp\test\api-certstore-test.csproj", "{F6417847-41B9-4B4A-9619-CF2A6F1BA30A}"
EndProject
Project("{FAE04EC0-301F-11D3-BF4B-00C04F79EFBC}") = "api-certvalidation", "..\..\api-certvalidation\csharp\api-certvalidation.csproj", "{278F201B-5D46-43D3-A40D-A2F11BA934F2}"
EndProject
Project("{FAE04EC0-301F-11D3-BF4B-00C04F79EFBC}") = "api-cmssignature", "..\..\api-cmssignature\csharp\api-cmssignature.csproj", "{5A16F873-C904-4FEB-A383-A905E133B238}"
EndProject
Project("{FAE04EC0-301F-11D3-BF4B-00C04F79EFBC}") = "api-cmsenvelope", "..\..\api-cmsenvelope\csharp\api-cmsenvelope.csproj", "{B9A143A3-7166-4791-8DCC-A3D11F19519F}"
EndProject
Project("{FAE04EC0-301F-11D3-BF4B-00C04F79EFBC}") = "api-certvalidation-test", "..\..\api-certvalidation\csharp\test\api-certvalidation-test.csproj", "{3183E37D-B910-4EEF-B662-19995AB3591D}"
EndProject
Project("{FAE04EC0-301F-11D3-BF4B-00C04F79EFBC}") = "api-xmlsignature", "..\..\api-xmlsignature\csharp\api-xmlsignature.csproj", "{DE4FB845-23AD-4F03-99C2-4B93B2DEA909}"
EndProject
Project("{FAE04EC0-301F-11D3-BF4B-00C04F79EFBC}") = "api-crypto", "..\..\api-crypto\crypto\csharp\api-crypto.csproj", "{82649E95-07E4-4166-9D55-B4705CC80836}"
EndProject
Project("{FAE04EC0-301F-11D3-BF4B-00C04F79EFBC}") = "api-common", "..\..\api-common\csharp\api-common.csproj", "{CA8572D2-2D3C-42F0-9A07-6261B00BD5F6}"
EndProject
Project("{FAE04EC0-301F-11D3-BF4B-00C04F79EFBC}") = "api-smartcard", "..\..\api-smartcard\ma3api-smartcard\csharp\api-smartcard.csproj", "{541FAB38-2515-41F9-8856-0CA083597F92}"
EndProject
Project("{FAE04EC0-301F-11D3-BF4B-00C04F79EFBC}") = "api-signature", "..\..\api-signature\csharp\api-signature.csproj", "{9229C786-6088-4913-ACCD-DDE35AEE0662}"
EndProject
Project("{FAE04EC0-301F-11D3-BF4B-00C04F79EFBC}") = "api-xmlsignature-test", "..\..\api-xmlsignature\csharp\test\api-xmlsignature-test.csproj", "{2B526BC9-A530-4F9E-B52D-28DB7194C307}"
EndProject
Project("{FAE04EC0-301F-11D3-BF4B-00C04F79EFBC}") = "api-signature-test", "..\..\api-signature\csharp\test\api-signature-test.csproj", "{6E3FDEC8-234C-4D9F-A3D7-C5EEB901C6CE}"
EndProject
Project("{FAE04EC0-301F-11D3-BF4B-00C04F79EFBC}") = "api-cmssignature-test", "..\..\api-cmssignature\csharp\test\api-cmssignature-test.csproj", "{BBC5118F-79E2-49B4-BA5A-22EE651F917B}"
EndProject
Project("{FAE04EC0-301F-11D3-BF4B-00C04F79EFBC}") = "api-tsl", "..\..\api-tsl\csharp\api-tsl.csproj", "{CF09DF09-9D0A-42FB-8D77-9979E6845DEF}"
EndProject
Project("{FAE04EC0-301F-11D3-BF4B-00C04F79EFBC}") = "api-asic", "..\..\api-asic\csharp\api-asic.csproj", "{48F5A556-DD77-4F36-B128-08CACF219FFB}"
EndProject
Project("{FAE04EC0-301F-11D3-BF4B-00C04F79EFBC}") = "api-turktelekommssclient", "..\..\api-cmssignature\api-mssclient\turktelekommssprovider\csharp\api-turktelekommssclient.csproj", "{538B5538-A2DE-4D8E-8B5D-649B2DEFAA93}"
EndProject
Project("{FAE04EC0-301F-11D3-BF4B-00C04F79EFBC}") = "api-turkcellmssclient", "..\..\api-cmssignature\api-mssclient\turkcellmssprovider\csharp\api-turkcellmssclient.csproj", "{EF9CEF88-E6F0-443B-AC85-A5918E7BE747}"
EndProject
Project("{FAE04EC0-301F-11D3-BF4B-00C04F79EFBC}") = "api-mssclient", "..\..\api-cmssignature\api-mssclient\mssclient\csharp\api-mssclient.csproj", "{34358B27-80A6-4DD0-A890-856CA1473C56}"
EndProject
Project("{FAE04EC0-301F-11D3-BF4B-00C04F79EFBC}") = "api-asic-test", "..\..\api-asic\csharp\test\api-asic-test.csproj", "{2A6F8F12-5B3F-4A46-8D9B-EFB943037DEA}"
EndProject
Project("{FAE04EC0-301F-11D3-BF4B-00C04F79EFBC}") = "api-cmsenvelope-test", "..\..\api-cmsenvelope\csharp\test\api-cmsenvelope-test.csproj", "{C82C600B-BC11-441D-A489-D7AF14D2EA78}"
EndProject
Project("{2150E333-8FDC-42A3-9474-1A3956D46DE8}") = "api-test", "api-test", "{90339237-5EB9-47B9-ACD4-D2DEFD421375}"
EndProject
Project("{FAE04EC0-301F-11D3-BF4B-00C04F79EFBC}") = "api-test", "..\..\api-test\csharp\api-test.csproj", "{A6C025BD-C156-4F82-B5DD-1A59D65E9C43}"
EndProject
Project("{FAE04EC0-301F-11D3-BF4B-00C04F79EFBC}") = "api-dist-dev", "api-dist-dev.csproj", "{B605CCB1-25F1-4829-B5B5-54E268FE8192}"
EndProject
Project("{FAE04EC0-301F-11D3-BF4B-00C04F79EFBC}") = "api-turkcellmssclient-test", "..\..\api-cmssignature\api-mssclient\turkcellmssprovider\csharp\test\api-turkcellmssclient-test.csproj", "{F11C4221-1152-494E-83ED-0E4F06959A3E}"
EndProject
Project("{FAE04EC0-301F-11D3-BF4B-00C04F79EFBC}") = "api-turktelekommssclient-test", "..\..\api-cmssignature\api-mssclient\turktelekommssprovider\csharp\test\api-turktelekommssclient-test.csproj", "{E908C649-9545-4416-ACD8-E57709BA735B}"
EndProject
Project("{2150E333-8FDC-42A3-9474-1A3956D46DE8}") = "api-msstest", "api-msstest", "{C444CB52-BFE6-405B-A96E-181EBB52F91C}"
EndProject
Project("{FAE04EC0-301F-11D3-BF4B-00C04F79EFBC}") = "MobileSignatureClient", "..\..\api-cmssignature\api-mssclient\examples\DotNet\MobileSignatureClient\MobileSignatureClient.csproj", "{6650D0C2-304F-43A5-96E8-871D74D2290D}"
EndProject
Project("{FAE04EC0-301F-11D3-BF4B-00C04F79EFBC}") = "MobileSignatureOnlyServerSide", "..\..\api-cmssignature\api-mssclient\examples\DotNet\MobileSignatureOnlyServerSide\MobileSignatureOnlyServerSide.csproj", "{24891B0A-ECDD-40C3-8FF9-955702CC6ED0}"
EndProject
Project("{FAE04EC0-301F-11D3-BF4B-00C04F79EFBC}") = "MobilSignatureService", "..\..\api-cmssignature\api-mssclient\examples\DotNet\MobilSignatureService\MobilSignatureService.csproj", "{9027F91B-5DEB-47E7-A6FB-4C34219917F0}"
EndProject
Project("{FAE04EC0-301F-11D3-BF4B-00C04F79EFBC}") = "api-cmsenvelope-bundle", "..\..\api-cmsenvelope\csharp\api-cmsenvelope-bundle\api-cmsenvelope-bundle.csproj", "{CC382D54-D3B6-4EB5-A1C1-87BF8A8782C3}"
EndProject
Project("{FAE04EC0-301F-11D3-BF4B-00C04F79EFBC}") = "api-vodafonemssclient", "..\..\api-cmssignature\api-mssclient\vodafonemssprovider\csharp\api-vodafonemssclient.csproj", "{6AF0DB6B-B14A-4C18-B4B5-658B22B3273E}"
EndProject
Project("{FAE04EC0-301F-11D3-BF4B-00C04F79EFBC}") = "api-crypto-test", "..\api-crypto-test\api-crypto-test.csproj", "{7B5442D1-075D-4BCE-AA33-4A0EF1DC0E48}"
EndProject
Global
	GlobalSection(SolutionConfigurationPlatforms) = preSolution
		Debug|Any CPU = Debug|Any CPU
		Debug|Mixed Platforms = Debug|Mixed Platforms
		Debug|Win32 = Debug|Win32
		Debug|x64 = Debug|x64
		Debug|x86 = Debug|x86
		Release|Any CPU = Release|Any CPU
		Release|Mixed Platforms = Release|Mixed Platforms
		Release|Win32 = Release|Win32
		Release|x64 = Release|x64
		Release|x86 = Release|x86
	EndGlobalSection
	GlobalSection(ProjectConfigurationPlatforms) = postSolution
		{64916A9E-4971-4FF2-9DAF-65AB1FBD2048}.Debug|Any CPU.ActiveCfg = Debug|Any CPU
		{64916A9E-4971-4FF2-9DAF-65AB1FBD2048}.Debug|Any CPU.Build.0 = Debug|Any CPU
		{64916A9E-4971-4FF2-9DAF-65AB1FBD2048}.Debug|Mixed Platforms.ActiveCfg = Debug|Any CPU
		{64916A9E-4971-4FF2-9DAF-65AB1FBD2048}.Debug|Mixed Platforms.Build.0 = Debug|Any CPU
		{64916A9E-4971-4FF2-9DAF-65AB1FBD2048}.Debug|Win32.ActiveCfg = Debug|x86
		{64916A9E-4971-4FF2-9DAF-65AB1FBD2048}.Debug|x64.ActiveCfg = Debug|x64
		{64916A9E-4971-4FF2-9DAF-65AB1FBD2048}.Debug|x64.Build.0 = Debug|x64
		{64916A9E-4971-4FF2-9DAF-65AB1FBD2048}.Debug|x86.ActiveCfg = Debug|x86
		{64916A9E-4971-4FF2-9DAF-65AB1FBD2048}.Debug|x86.Build.0 = Debug|x86
		{64916A9E-4971-4FF2-9DAF-65AB1FBD2048}.Release|Any CPU.ActiveCfg = Release|Any CPU
		{64916A9E-4971-4FF2-9DAF-65AB1FBD2048}.Release|Any CPU.Build.0 = Release|Any CPU
		{64916A9E-4971-4FF2-9DAF-65AB1FBD2048}.Release|Mixed Platforms.ActiveCfg = Release|x86
		{64916A9E-4971-4FF2-9DAF-65AB1FBD2048}.Release|Mixed Platforms.Build.0 = Release|x86
		{64916A9E-4971-4FF2-9DAF-65AB1FBD2048}.Release|Win32.ActiveCfg = Release|x86
		{64916A9E-4971-4FF2-9DAF-65AB1FBD2048}.Release|x64.ActiveCfg = Release|x64
		{64916A9E-4971-4FF2-9DAF-65AB1FBD2048}.Release|x64.Build.0 = Release|x64
		{64916A9E-4971-4FF2-9DAF-65AB1FBD2048}.Release|x86.ActiveCfg = Release|x86
		{64916A9E-4971-4FF2-9DAF-65AB1FBD2048}.Release|x86.Build.0 = Release|x86
		{307F1CDC-084E-4A9D-9208-0943DE95DA0F}.Debug|Any CPU.ActiveCfg = Debug|Any CPU
		{307F1CDC-084E-4A9D-9208-0943DE95DA0F}.Debug|Any CPU.Build.0 = Debug|Any CPU
		{307F1CDC-084E-4A9D-9208-0943DE95DA0F}.Debug|Mixed Platforms.ActiveCfg = Debug|Any CPU
		{307F1CDC-084E-4A9D-9208-0943DE95DA0F}.Debug|Mixed Platforms.Build.0 = Debug|Any CPU
		{307F1CDC-084E-4A9D-9208-0943DE95DA0F}.Debug|Win32.ActiveCfg = Debug|x86
		{307F1CDC-084E-4A9D-9208-0943DE95DA0F}.Debug|x64.ActiveCfg = Debug|x64
		{307F1CDC-084E-4A9D-9208-0943DE95DA0F}.Debug|x64.Build.0 = Debug|x64
		{307F1CDC-084E-4A9D-9208-0943DE95DA0F}.Debug|x86.ActiveCfg = Debug|x86
		{307F1CDC-084E-4A9D-9208-0943DE95DA0F}.Debug|x86.Build.0 = Debug|x86
		{307F1CDC-084E-4A9D-9208-0943DE95DA0F}.Release|Any CPU.ActiveCfg = Release|Any CPU
		{307F1CDC-084E-4A9D-9208-0943DE95DA0F}.Release|Any CPU.Build.0 = Release|Any CPU
		{307F1CDC-084E-4A9D-9208-0943DE95DA0F}.Release|Mixed Platforms.ActiveCfg = Release|x86
		{307F1CDC-084E-4A9D-9208-0943DE95DA0F}.Release|Mixed Platforms.Build.0 = Release|x86
		{307F1CDC-084E-4A9D-9208-0943DE95DA0F}.Release|Win32.ActiveCfg = Release|x86
		{307F1CDC-084E-4A9D-9208-0943DE95DA0F}.Release|x64.ActiveCfg = Release|x86
		{307F1CDC-084E-4A9D-9208-0943DE95DA0F}.Release|x86.ActiveCfg = Release|x86
		{307F1CDC-084E-4A9D-9208-0943DE95DA0F}.Release|x86.Build.0 = Release|x86
		{98C61CEF-1EE1-4594-941A-B364DD57EA90}.Debug|Any CPU.ActiveCfg = Debug|Any CPU
		{98C61CEF-1EE1-4594-941A-B364DD57EA90}.Debug|Any CPU.Build.0 = Debug|Any CPU
		{98C61CEF-1EE1-4594-941A-B364DD57EA90}.Debug|Mixed Platforms.ActiveCfg = Debug|Any CPU
		{98C61CEF-1EE1-4594-941A-B364DD57EA90}.Debug|Mixed Platforms.Build.0 = Debug|Any CPU
		{98C61CEF-1EE1-4594-941A-B364DD57EA90}.Debug|Win32.ActiveCfg = Debug|x86
		{98C61CEF-1EE1-4594-941A-B364DD57EA90}.Debug|x64.ActiveCfg = Debug|x64
		{98C61CEF-1EE1-4594-941A-B364DD57EA90}.Debug|x64.Build.0 = Debug|x64
		{98C61CEF-1EE1-4594-941A-B364DD57EA90}.Debug|x86.ActiveCfg = Debug|x86
		{98C61CEF-1EE1-4594-941A-B364DD57EA90}.Debug|x86.Build.0 = Debug|x86
		{98C61CEF-1EE1-4594-941A-B364DD57EA90}.Release|Any CPU.ActiveCfg = Release|Any CPU
		{98C61CEF-1EE1-4594-941A-B364DD57EA90}.Release|Any CPU.Build.0 = Release|Any CPU
		{98C61CEF-1EE1-4594-941A-B364DD57EA90}.Release|Mixed Platforms.ActiveCfg = Release|x86
		{98C61CEF-1EE1-4594-941A-B364DD57EA90}.Release|Mixed Platforms.Build.0 = Release|x86
		{98C61CEF-1EE1-4594-941A-B364DD57EA90}.Release|Win32.ActiveCfg = Release|x86
		{98C61CEF-1EE1-4594-941A-B364DD57EA90}.Release|x64.ActiveCfg = Release|x86
		{98C61CEF-1EE1-4594-941A-B364DD57EA90}.Release|x86.ActiveCfg = Release|x86
		{98C61CEF-1EE1-4594-941A-B364DD57EA90}.Release|x86.Build.0 = Release|x86
		{4844D59F-ACA3-43A1-8598-448B4EB3DE90}.Debug|Any CPU.ActiveCfg = Debug|Any CPU
		{4844D59F-ACA3-43A1-8598-448B4EB3DE90}.Debug|Any CPU.Build.0 = Debug|Any CPU
		{4844D59F-ACA3-43A1-8598-448B4EB3DE90}.Debug|Mixed Platforms.ActiveCfg = Debug|Any CPU
		{4844D59F-ACA3-43A1-8598-448B4EB3DE90}.Debug|Mixed Platforms.Build.0 = Debug|Any CPU
		{4844D59F-ACA3-43A1-8598-448B4EB3DE90}.Debug|Win32.ActiveCfg = Debug|x64
		{4844D59F-ACA3-43A1-8598-448B4EB3DE90}.Debug|x64.ActiveCfg = Debug|x64
		{4844D59F-ACA3-43A1-8598-448B4EB3DE90}.Debug|x64.Build.0 = Debug|x64
		{4844D59F-ACA3-43A1-8598-448B4EB3DE90}.Debug|x86.ActiveCfg = Debug|x86
		{4844D59F-ACA3-43A1-8598-448B4EB3DE90}.Debug|x86.Build.0 = Debug|x86
		{4844D59F-ACA3-43A1-8598-448B4EB3DE90}.Release|Any CPU.ActiveCfg = Release|Any CPU
		{4844D59F-ACA3-43A1-8598-448B4EB3DE90}.Release|Any CPU.Build.0 = Release|Any CPU
		{4844D59F-ACA3-43A1-8598-448B4EB3DE90}.Release|Mixed Platforms.ActiveCfg = Release|x64
		{4844D59F-ACA3-43A1-8598-448B4EB3DE90}.Release|Mixed Platforms.Build.0 = Release|x64
		{4844D59F-ACA3-43A1-8598-448B4EB3DE90}.Release|Win32.ActiveCfg = Release|x64
		{4844D59F-ACA3-43A1-8598-448B4EB3DE90}.Release|x64.ActiveCfg = Release|x64
		{4844D59F-ACA3-43A1-8598-448B4EB3DE90}.Release|x64.Build.0 = Release|x64
		{4844D59F-ACA3-43A1-8598-448B4EB3DE90}.Release|x86.ActiveCfg = Release|x86
		{4844D59F-ACA3-43A1-8598-448B4EB3DE90}.Release|x86.Build.0 = Release|x86
		{F6417847-41B9-4B4A-9619-CF2A6F1BA30A}.Debug|Any CPU.ActiveCfg = Debug|Any CPU
		{F6417847-41B9-4B4A-9619-CF2A6F1BA30A}.Debug|Any CPU.Build.0 = Debug|Any CPU
		{F6417847-41B9-4B4A-9619-CF2A6F1BA30A}.Debug|Mixed Platforms.ActiveCfg = Debug|x86
		{F6417847-41B9-4B4A-9619-CF2A6F1BA30A}.Debug|Mixed Platforms.Build.0 = Debug|x86
		{F6417847-41B9-4B4A-9619-CF2A6F1BA30A}.Debug|Win32.ActiveCfg = Debug|x64
		{F6417847-41B9-4B4A-9619-CF2A6F1BA30A}.Debug|x64.ActiveCfg = Debug|x64
		{F6417847-41B9-4B4A-9619-CF2A6F1BA30A}.Debug|x64.Build.0 = Debug|x64
		{F6417847-41B9-4B4A-9619-CF2A6F1BA30A}.Debug|x86.ActiveCfg = Debug|x86
		{F6417847-41B9-4B4A-9619-CF2A6F1BA30A}.Debug|x86.Build.0 = Debug|x86
		{F6417847-41B9-4B4A-9619-CF2A6F1BA30A}.Release|Any CPU.ActiveCfg = Release|Any CPU
		{F6417847-41B9-4B4A-9619-CF2A6F1BA30A}.Release|Any CPU.Build.0 = Release|Any CPU
		{F6417847-41B9-4B4A-9619-CF2A6F1BA30A}.Release|Mixed Platforms.ActiveCfg = Release|x64
		{F6417847-41B9-4B4A-9619-CF2A6F1BA30A}.Release|Mixed Platforms.Build.0 = Release|x64
		{F6417847-41B9-4B4A-9619-CF2A6F1BA30A}.Release|Win32.ActiveCfg = Release|x64
		{F6417847-41B9-4B4A-9619-CF2A6F1BA30A}.Release|x64.ActiveCfg = Release|x64
		{F6417847-41B9-4B4A-9619-CF2A6F1BA30A}.Release|x64.Build.0 = Release|x64
		{F6417847-41B9-4B4A-9619-CF2A6F1BA30A}.Release|x86.ActiveCfg = Release|x86
		{F6417847-41B9-4B4A-9619-CF2A6F1BA30A}.Release|x86.Build.0 = Release|x86
		{278F201B-5D46-43D3-A40D-A2F11BA934F2}.Debug|Any CPU.ActiveCfg = Debug|Any CPU
		{278F201B-5D46-43D3-A40D-A2F11BA934F2}.Debug|Any CPU.Build.0 = Debug|Any CPU
		{278F201B-5D46-43D3-A40D-A2F11BA934F2}.Debug|Mixed Platforms.ActiveCfg = Debug|Any CPU
		{278F201B-5D46-43D3-A40D-A2F11BA934F2}.Debug|Mixed Platforms.Build.0 = Debug|Any CPU
		{278F201B-5D46-43D3-A40D-A2F11BA934F2}.Debug|Win32.ActiveCfg = Debug|x64
		{278F201B-5D46-43D3-A40D-A2F11BA934F2}.Debug|x64.ActiveCfg = Debug|x64
		{278F201B-5D46-43D3-A40D-A2F11BA934F2}.Debug|x64.Build.0 = Debug|x64
		{278F201B-5D46-43D3-A40D-A2F11BA934F2}.Debug|x86.ActiveCfg = Debug|x86
		{278F201B-5D46-43D3-A40D-A2F11BA934F2}.Debug|x86.Build.0 = Debug|x86
		{278F201B-5D46-43D3-A40D-A2F11BA934F2}.Release|Any CPU.ActiveCfg = Release|Any CPU
		{278F201B-5D46-43D3-A40D-A2F11BA934F2}.Release|Any CPU.Build.0 = Release|Any CPU
		{278F201B-5D46-43D3-A40D-A2F11BA934F2}.Release|Mixed Platforms.ActiveCfg = Release|x64
		{278F201B-5D46-43D3-A40D-A2F11BA934F2}.Release|Mixed Platforms.Build.0 = Release|x64
		{278F201B-5D46-43D3-A40D-A2F11BA934F2}.Release|Win32.ActiveCfg = Release|x64
		{278F201B-5D46-43D3-A40D-A2F11BA934F2}.Release|x64.ActiveCfg = Release|x64
		{278F201B-5D46-43D3-A40D-A2F11BA934F2}.Release|x64.Build.0 = Release|x64
		{278F201B-5D46-43D3-A40D-A2F11BA934F2}.Release|x86.ActiveCfg = Release|x86
		{278F201B-5D46-43D3-A40D-A2F11BA934F2}.Release|x86.Build.0 = Release|x86
		{5A16F873-C904-4FEB-A383-A905E133B238}.Debug|Any CPU.ActiveCfg = Debug|Any CPU
		{5A16F873-C904-4FEB-A383-A905E133B238}.Debug|Any CPU.Build.0 = Debug|Any CPU
		{5A16F873-C904-4FEB-A383-A905E133B238}.Debug|Mixed Platforms.ActiveCfg = Debug|Any CPU
		{5A16F873-C904-4FEB-A383-A905E133B238}.Debug|Mixed Platforms.Build.0 = Debug|Any CPU
		{5A16F873-C904-4FEB-A383-A905E133B238}.Debug|Win32.ActiveCfg = Debug|x86
		{5A16F873-C904-4FEB-A383-A905E133B238}.Debug|x64.ActiveCfg = Debug|x64
		{5A16F873-C904-4FEB-A383-A905E133B238}.Debug|x64.Build.0 = Debug|x64
		{5A16F873-C904-4FEB-A383-A905E133B238}.Debug|x86.ActiveCfg = Debug|x86
		{5A16F873-C904-4FEB-A383-A905E133B238}.Debug|x86.Build.0 = Debug|x86
		{5A16F873-C904-4FEB-A383-A905E133B238}.Release|Any CPU.ActiveCfg = Release|Any CPU
		{5A16F873-C904-4FEB-A383-A905E133B238}.Release|Any CPU.Build.0 = Release|Any CPU
		{5A16F873-C904-4FEB-A383-A905E133B238}.Release|Mixed Platforms.ActiveCfg = Release|x86
		{5A16F873-C904-4FEB-A383-A905E133B238}.Release|Mixed Platforms.Build.0 = Release|x86
		{5A16F873-C904-4FEB-A383-A905E133B238}.Release|Win32.ActiveCfg = Release|x86
		{5A16F873-C904-4FEB-A383-A905E133B238}.Release|x64.ActiveCfg = Release|x86
		{5A16F873-C904-4FEB-A383-A905E133B238}.Release|x86.ActiveCfg = Release|x86
		{5A16F873-C904-4FEB-A383-A905E133B238}.Release|x86.Build.0 = Release|x86
		{B9A143A3-7166-4791-8DCC-A3D11F19519F}.Debug|Any CPU.ActiveCfg = Debug|Any CPU
		{B9A143A3-7166-4791-8DCC-A3D11F19519F}.Debug|Any CPU.Build.0 = Debug|Any CPU
		{B9A143A3-7166-4791-8DCC-A3D11F19519F}.Debug|Mixed Platforms.ActiveCfg = Debug|Any CPU
		{B9A143A3-7166-4791-8DCC-A3D11F19519F}.Debug|Mixed Platforms.Build.0 = Debug|Any CPU
		{B9A143A3-7166-4791-8DCC-A3D11F19519F}.Debug|Win32.ActiveCfg = Debug|x64
		{B9A143A3-7166-4791-8DCC-A3D11F19519F}.Debug|x64.ActiveCfg = Debug|x64
		{B9A143A3-7166-4791-8DCC-A3D11F19519F}.Debug|x64.Build.0 = Debug|x64
		{B9A143A3-7166-4791-8DCC-A3D11F19519F}.Debug|x86.ActiveCfg = Debug|x86
		{B9A143A3-7166-4791-8DCC-A3D11F19519F}.Debug|x86.Build.0 = Debug|x86
		{B9A143A3-7166-4791-8DCC-A3D11F19519F}.Release|Any CPU.ActiveCfg = Release|Any CPU
		{B9A143A3-7166-4791-8DCC-A3D11F19519F}.Release|Any CPU.Build.0 = Release|Any CPU
		{B9A143A3-7166-4791-8DCC-A3D11F19519F}.Release|Mixed Platforms.ActiveCfg = Release|x64
		{B9A143A3-7166-4791-8DCC-A3D11F19519F}.Release|Mixed Platforms.Build.0 = Release|x64
		{B9A143A3-7166-4791-8DCC-A3D11F19519F}.Release|Win32.ActiveCfg = Release|x64
		{B9A143A3-7166-4791-8DCC-A3D11F19519F}.Release|x64.ActiveCfg = Release|x64
		{B9A143A3-7166-4791-8DCC-A3D11F19519F}.Release|x64.Build.0 = Release|x64
		{B9A143A3-7166-4791-8DCC-A3D11F19519F}.Release|x86.ActiveCfg = Release|x86
		{B9A143A3-7166-4791-8DCC-A3D11F19519F}.Release|x86.Build.0 = Release|x86
		{3183E37D-B910-4EEF-B662-19995AB3591D}.Debug|Any CPU.ActiveCfg = Debug|Any CPU
		{3183E37D-B910-4EEF-B662-19995AB3591D}.Debug|Any CPU.Build.0 = Debug|Any CPU
		{3183E37D-B910-4EEF-B662-19995AB3591D}.Debug|Mixed Platforms.ActiveCfg = Debug|x86
		{3183E37D-B910-4EEF-B662-19995AB3591D}.Debug|Mixed Platforms.Build.0 = Debug|x86
		{3183E37D-B910-4EEF-B662-19995AB3591D}.Debug|Win32.ActiveCfg = Debug|x64
		{3183E37D-B910-4EEF-B662-19995AB3591D}.Debug|x64.ActiveCfg = Debug|x64
		{3183E37D-B910-4EEF-B662-19995AB3591D}.Debug|x64.Build.0 = Debug|x64
		{3183E37D-B910-4EEF-B662-19995AB3591D}.Debug|x86.ActiveCfg = Debug|x86
		{3183E37D-B910-4EEF-B662-19995AB3591D}.Debug|x86.Build.0 = Debug|x86
		{3183E37D-B910-4EEF-B662-19995AB3591D}.Release|Any CPU.ActiveCfg = Release|Any CPU
		{3183E37D-B910-4EEF-B662-19995AB3591D}.Release|Any CPU.Build.0 = Release|Any CPU
		{3183E37D-B910-4EEF-B662-19995AB3591D}.Release|Mixed Platforms.ActiveCfg = Release|x64
		{3183E37D-B910-4EEF-B662-19995AB3591D}.Release|Mixed Platforms.Build.0 = Release|x64
		{3183E37D-B910-4EEF-B662-19995AB3591D}.Release|Win32.ActiveCfg = Release|x64
		{3183E37D-B910-4EEF-B662-19995AB3591D}.Release|x64.ActiveCfg = Release|x64
		{3183E37D-B910-4EEF-B662-19995AB3591D}.Release|x64.Build.0 = Release|x64
		{3183E37D-B910-4EEF-B662-19995AB3591D}.Release|x86.ActiveCfg = Release|x86
		{3183E37D-B910-4EEF-B662-19995AB3591D}.Release|x86.Build.0 = Release|x86
		{DE4FB845-23AD-4F03-99C2-4B93B2DEA909}.Debug|Any CPU.ActiveCfg = Debug|Any CPU
		{DE4FB845-23AD-4F03-99C2-4B93B2DEA909}.Debug|Any CPU.Build.0 = Debug|Any CPU
		{DE4FB845-23AD-4F03-99C2-4B93B2DEA909}.Debug|Mixed Platforms.ActiveCfg = Debug|Any CPU
		{DE4FB845-23AD-4F03-99C2-4B93B2DEA909}.Debug|Mixed Platforms.Build.0 = Debug|Any CPU
		{DE4FB845-23AD-4F03-99C2-4B93B2DEA909}.Debug|Win32.ActiveCfg = Debug|x86
		{DE4FB845-23AD-4F03-99C2-4B93B2DEA909}.Debug|x64.ActiveCfg = Debug|x64
		{DE4FB845-23AD-4F03-99C2-4B93B2DEA909}.Debug|x64.Build.0 = Debug|x64
		{DE4FB845-23AD-4F03-99C2-4B93B2DEA909}.Debug|x86.ActiveCfg = Debug|x86
		{DE4FB845-23AD-4F03-99C2-4B93B2DEA909}.Debug|x86.Build.0 = Debug|x86
		{DE4FB845-23AD-4F03-99C2-4B93B2DEA909}.Release|Any CPU.ActiveCfg = Release|Any CPU
		{DE4FB845-23AD-4F03-99C2-4B93B2DEA909}.Release|Any CPU.Build.0 = Release|Any CPU
		{DE4FB845-23AD-4F03-99C2-4B93B2DEA909}.Release|Mixed Platforms.ActiveCfg = Release|x86
		{DE4FB845-23AD-4F03-99C2-4B93B2DEA909}.Release|Mixed Platforms.Build.0 = Release|x86
		{DE4FB845-23AD-4F03-99C2-4B93B2DEA909}.Release|Win32.ActiveCfg = Release|x86
		{DE4FB845-23AD-4F03-99C2-4B93B2DEA909}.Release|x64.ActiveCfg = Release|x86
		{DE4FB845-23AD-4F03-99C2-4B93B2DEA909}.Release|x86.ActiveCfg = Release|x86
		{DE4FB845-23AD-4F03-99C2-4B93B2DEA909}.Release|x86.Build.0 = Release|x86
		{82649E95-07E4-4166-9D55-B4705CC80836}.Debug|Any CPU.ActiveCfg = Debug|Any CPU
		{82649E95-07E4-4166-9D55-B4705CC80836}.Debug|Any CPU.Build.0 = Debug|Any CPU
		{82649E95-07E4-4166-9D55-B4705CC80836}.Debug|Mixed Platforms.ActiveCfg = Debug|Any CPU
		{82649E95-07E4-4166-9D55-B4705CC80836}.Debug|Mixed Platforms.Build.0 = Debug|Any CPU
		{82649E95-07E4-4166-9D55-B4705CC80836}.Debug|Win32.ActiveCfg = Debug|x64
		{82649E95-07E4-4166-9D55-B4705CC80836}.Debug|x64.ActiveCfg = Debug|x64
		{82649E95-07E4-4166-9D55-B4705CC80836}.Debug|x64.Build.0 = Debug|x64
		{82649E95-07E4-4166-9D55-B4705CC80836}.Debug|x86.ActiveCfg = Debug|x86
		{82649E95-07E4-4166-9D55-B4705CC80836}.Debug|x86.Build.0 = Debug|x86
		{82649E95-07E4-4166-9D55-B4705CC80836}.Release|Any CPU.ActiveCfg = Release|Any CPU
		{82649E95-07E4-4166-9D55-B4705CC80836}.Release|Any CPU.Build.0 = Release|Any CPU
		{82649E95-07E4-4166-9D55-B4705CC80836}.Release|Mixed Platforms.ActiveCfg = Release|x64
		{82649E95-07E4-4166-9D55-B4705CC80836}.Release|Mixed Platforms.Build.0 = Release|x64
		{82649E95-07E4-4166-9D55-B4705CC80836}.Release|Win32.ActiveCfg = Release|x64
		{82649E95-07E4-4166-9D55-B4705CC80836}.Release|x64.ActiveCfg = Release|x64
		{82649E95-07E4-4166-9D55-B4705CC80836}.Release|x64.Build.0 = Release|x64
		{82649E95-07E4-4166-9D55-B4705CC80836}.Release|x86.ActiveCfg = Release|x86
		{82649E95-07E4-4166-9D55-B4705CC80836}.Release|x86.Build.0 = Release|x86
		{CA8572D2-2D3C-42F0-9A07-6261B00BD5F6}.Debug|Any CPU.ActiveCfg = Debug|Any CPU
		{CA8572D2-2D3C-42F0-9A07-6261B00BD5F6}.Debug|Any CPU.Build.0 = Debug|Any CPU
		{CA8572D2-2D3C-42F0-9A07-6261B00BD5F6}.Debug|Mixed Platforms.ActiveCfg = Debug|Any CPU
		{CA8572D2-2D3C-42F0-9A07-6261B00BD5F6}.Debug|Mixed Platforms.Build.0 = Debug|Any CPU
		{CA8572D2-2D3C-42F0-9A07-6261B00BD5F6}.Debug|Win32.ActiveCfg = Debug|x86
		{CA8572D2-2D3C-42F0-9A07-6261B00BD5F6}.Debug|x64.ActiveCfg = Debug|x64
		{CA8572D2-2D3C-42F0-9A07-6261B00BD5F6}.Debug|x64.Build.0 = Debug|x64
		{CA8572D2-2D3C-42F0-9A07-6261B00BD5F6}.Debug|x86.ActiveCfg = Debug|x86
		{CA8572D2-2D3C-42F0-9A07-6261B00BD5F6}.Debug|x86.Build.0 = Debug|x86
		{CA8572D2-2D3C-42F0-9A07-6261B00BD5F6}.Release|Any CPU.ActiveCfg = Release|Any CPU
		{CA8572D2-2D3C-42F0-9A07-6261B00BD5F6}.Release|Any CPU.Build.0 = Release|Any CPU
		{CA8572D2-2D3C-42F0-9A07-6261B00BD5F6}.Release|Mixed Platforms.ActiveCfg = Release|x86
		{CA8572D2-2D3C-42F0-9A07-6261B00BD5F6}.Release|Mixed Platforms.Build.0 = Release|x86
		{CA8572D2-2D3C-42F0-9A07-6261B00BD5F6}.Release|Win32.ActiveCfg = Release|x86
		{CA8572D2-2D3C-42F0-9A07-6261B00BD5F6}.Release|x64.ActiveCfg = Release|x86
		{CA8572D2-2D3C-42F0-9A07-6261B00BD5F6}.Release|x86.ActiveCfg = Release|x86
		{CA8572D2-2D3C-42F0-9A07-6261B00BD5F6}.Release|x86.Build.0 = Release|x86
		{541FAB38-2515-41F9-8856-0CA083597F92}.Debug|Any CPU.ActiveCfg = Debug|Any CPU
		{541FAB38-2515-41F9-8856-0CA083597F92}.Debug|Any CPU.Build.0 = Debug|Any CPU
		{541FAB38-2515-41F9-8856-0CA083597F92}.Debug|Mixed Platforms.ActiveCfg = Debug|Any CPU
		{541FAB38-2515-41F9-8856-0CA083597F92}.Debug|Mixed Platforms.Build.0 = Debug|Any CPU
		{541FAB38-2515-41F9-8856-0CA083597F92}.Debug|Win32.ActiveCfg = Debug|x64
		{541FAB38-2515-41F9-8856-0CA083597F92}.Debug|x64.ActiveCfg = Debug|x64
		{541FAB38-2515-41F9-8856-0CA083597F92}.Debug|x64.Build.0 = Debug|x64
		{541FAB38-2515-41F9-8856-0CA083597F92}.Debug|x86.ActiveCfg = Debug|x86
		{541FAB38-2515-41F9-8856-0CA083597F92}.Debug|x86.Build.0 = Debug|x86
		{541FAB38-2515-41F9-8856-0CA083597F92}.Release|Any CPU.ActiveCfg = Release|Any CPU
		{541FAB38-2515-41F9-8856-0CA083597F92}.Release|Any CPU.Build.0 = Release|Any CPU
		{541FAB38-2515-41F9-8856-0CA083597F92}.Release|Mixed Platforms.ActiveCfg = Release|x64
		{541FAB38-2515-41F9-8856-0CA083597F92}.Release|Mixed Platforms.Build.0 = Release|x64
		{541FAB38-2515-41F9-8856-0CA083597F92}.Release|Win32.ActiveCfg = Release|x64
		{541FAB38-2515-41F9-8856-0CA083597F92}.Release|x64.ActiveCfg = Release|x64
		{541FAB38-2515-41F9-8856-0CA083597F92}.Release|x64.Build.0 = Release|x64
		{541FAB38-2515-41F9-8856-0CA083597F92}.Release|x86.ActiveCfg = Release|x86
		{541FAB38-2515-41F9-8856-0CA083597F92}.Release|x86.Build.0 = Release|x86
		{9229C786-6088-4913-ACCD-DDE35AEE0662}.Debug|Any CPU.ActiveCfg = Debug|Any CPU
		{9229C786-6088-4913-ACCD-DDE35AEE0662}.Debug|Any CPU.Build.0 = Debug|Any CPU
		{9229C786-6088-4913-ACCD-DDE35AEE0662}.Debug|Mixed Platforms.ActiveCfg = Debug|Any CPU
		{9229C786-6088-4913-ACCD-DDE35AEE0662}.Debug|Mixed Platforms.Build.0 = Debug|Any CPU
		{9229C786-6088-4913-ACCD-DDE35AEE0662}.Debug|Win32.ActiveCfg = Debug|Any CPU
		{9229C786-6088-4913-ACCD-DDE35AEE0662}.Debug|x64.ActiveCfg = Debug|x64
		{9229C786-6088-4913-ACCD-DDE35AEE0662}.Debug|x64.Build.0 = Debug|x64
		{9229C786-6088-4913-ACCD-DDE35AEE0662}.Debug|x86.ActiveCfg = Debug|x86
		{9229C786-6088-4913-ACCD-DDE35AEE0662}.Debug|x86.Build.0 = Debug|x86
		{9229C786-6088-4913-ACCD-DDE35AEE0662}.Release|Any CPU.ActiveCfg = Release|Any CPU
		{9229C786-6088-4913-ACCD-DDE35AEE0662}.Release|Any CPU.Build.0 = Release|Any CPU
		{9229C786-6088-4913-ACCD-DDE35AEE0662}.Release|Mixed Platforms.ActiveCfg = Release|Any CPU
		{9229C786-6088-4913-ACCD-DDE35AEE0662}.Release|Mixed Platforms.Build.0 = Release|Any CPU
		{9229C786-6088-4913-ACCD-DDE35AEE0662}.Release|Win32.ActiveCfg = Release|Any CPU
		{9229C786-6088-4913-ACCD-DDE35AEE0662}.Release|x64.ActiveCfg = Release|Any CPU
		{9229C786-6088-4913-ACCD-DDE35AEE0662}.Release|x86.ActiveCfg = Release|Any CPU
		{2B526BC9-A530-4F9E-B52D-28DB7194C307}.Debug|Any CPU.ActiveCfg = Debug|Any CPU
		{2B526BC9-A530-4F9E-B52D-28DB7194C307}.Debug|Any CPU.Build.0 = Debug|Any CPU
		{2B526BC9-A530-4F9E-B52D-28DB7194C307}.Debug|Mixed Platforms.ActiveCfg = Debug|x86
		{2B526BC9-A530-4F9E-B52D-28DB7194C307}.Debug|Mixed Platforms.Build.0 = Debug|x86
		{2B526BC9-A530-4F9E-B52D-28DB7194C307}.Debug|Win32.ActiveCfg = Debug|x64
		{2B526BC9-A530-4F9E-B52D-28DB7194C307}.Debug|x64.ActiveCfg = Debug|x64
		{2B526BC9-A530-4F9E-B52D-28DB7194C307}.Debug|x64.Build.0 = Debug|x64
		{2B526BC9-A530-4F9E-B52D-28DB7194C307}.Debug|x86.ActiveCfg = Debug|x86
		{2B526BC9-A530-4F9E-B52D-28DB7194C307}.Debug|x86.Build.0 = Debug|x86
		{2B526BC9-A530-4F9E-B52D-28DB7194C307}.Release|Any CPU.ActiveCfg = Release|Any CPU
		{2B526BC9-A530-4F9E-B52D-28DB7194C307}.Release|Any CPU.Build.0 = Release|Any CPU
		{2B526BC9-A530-4F9E-B52D-28DB7194C307}.Release|Mixed Platforms.ActiveCfg = Release|x64
		{2B526BC9-A530-4F9E-B52D-28DB7194C307}.Release|Mixed Platforms.Build.0 = Release|x64
		{2B526BC9-A530-4F9E-B52D-28DB7194C307}.Release|Win32.ActiveCfg = Release|x64
		{2B526BC9-A530-4F9E-B52D-28DB7194C307}.Release|x64.ActiveCfg = Release|x64
		{2B526BC9-A530-4F9E-B52D-28DB7194C307}.Release|x64.Build.0 = Release|x64
		{2B526BC9-A530-4F9E-B52D-28DB7194C307}.Release|x86.ActiveCfg = Release|x86
		{2B526BC9-A530-4F9E-B52D-28DB7194C307}.Release|x86.Build.0 = Release|x86
		{6E3FDEC8-234C-4D9F-A3D7-C5EEB901C6CE}.Debug|Any CPU.ActiveCfg = Debug|Any CPU
		{6E3FDEC8-234C-4D9F-A3D7-C5EEB901C6CE}.Debug|Any CPU.Build.0 = Debug|Any CPU
		{6E3FDEC8-234C-4D9F-A3D7-C5EEB901C6CE}.Debug|Mixed Platforms.ActiveCfg = Debug|x86
		{6E3FDEC8-234C-4D9F-A3D7-C5EEB901C6CE}.Debug|Mixed Platforms.Build.0 = Debug|x86
		{6E3FDEC8-234C-4D9F-A3D7-C5EEB901C6CE}.Debug|Win32.ActiveCfg = Debug|Any CPU
		{6E3FDEC8-234C-4D9F-A3D7-C5EEB901C6CE}.Debug|x64.ActiveCfg = Debug|x64
		{6E3FDEC8-234C-4D9F-A3D7-C5EEB901C6CE}.Debug|x64.Build.0 = Debug|x64
		{6E3FDEC8-234C-4D9F-A3D7-C5EEB901C6CE}.Debug|x86.ActiveCfg = Debug|x86
		{6E3FDEC8-234C-4D9F-A3D7-C5EEB901C6CE}.Debug|x86.Build.0 = Debug|x86
		{6E3FDEC8-234C-4D9F-A3D7-C5EEB901C6CE}.Release|Any CPU.ActiveCfg = Release|Any CPU
		{6E3FDEC8-234C-4D9F-A3D7-C5EEB901C6CE}.Release|Any CPU.Build.0 = Release|Any CPU
		{6E3FDEC8-234C-4D9F-A3D7-C5EEB901C6CE}.Release|Mixed Platforms.ActiveCfg = Release|Any CPU
		{6E3FDEC8-234C-4D9F-A3D7-C5EEB901C6CE}.Release|Mixed Platforms.Build.0 = Release|Any CPU
		{6E3FDEC8-234C-4D9F-A3D7-C5EEB901C6CE}.Release|Win32.ActiveCfg = Release|Any CPU
		{6E3FDEC8-234C-4D9F-A3D7-C5EEB901C6CE}.Release|x64.ActiveCfg = Release|Any CPU
		{6E3FDEC8-234C-4D9F-A3D7-C5EEB901C6CE}.Release|x86.ActiveCfg = Release|Any CPU
		{BBC5118F-79E2-49B4-BA5A-22EE651F917B}.Debug|Any CPU.ActiveCfg = Debug|Any CPU
		{BBC5118F-79E2-49B4-BA5A-22EE651F917B}.Debug|Any CPU.Build.0 = Debug|Any CPU
		{BBC5118F-79E2-49B4-BA5A-22EE651F917B}.Debug|Mixed Platforms.ActiveCfg = Debug|x86
		{BBC5118F-79E2-49B4-BA5A-22EE651F917B}.Debug|Mixed Platforms.Build.0 = Debug|x86
		{BBC5118F-79E2-49B4-BA5A-22EE651F917B}.Debug|Win32.ActiveCfg = Debug|x64
		{BBC5118F-79E2-49B4-BA5A-22EE651F917B}.Debug|x64.ActiveCfg = Debug|x64
		{BBC5118F-79E2-49B4-BA5A-22EE651F917B}.Debug|x64.Build.0 = Debug|x64
		{BBC5118F-79E2-49B4-BA5A-22EE651F917B}.Debug|x86.ActiveCfg = Debug|x86
		{BBC5118F-79E2-49B4-BA5A-22EE651F917B}.Debug|x86.Build.0 = Debug|x86
		{BBC5118F-79E2-49B4-BA5A-22EE651F917B}.Release|Any CPU.ActiveCfg = Release|Any CPU
		{BBC5118F-79E2-49B4-BA5A-22EE651F917B}.Release|Any CPU.Build.0 = Release|Any CPU
		{BBC5118F-79E2-49B4-BA5A-22EE651F917B}.Release|Mixed Platforms.ActiveCfg = Release|x64
		{BBC5118F-79E2-49B4-BA5A-22EE651F917B}.Release|Mixed Platforms.Build.0 = Release|x64
		{BBC5118F-79E2-49B4-BA5A-22EE651F917B}.Release|Win32.ActiveCfg = Release|x64
		{BBC5118F-79E2-49B4-BA5A-22EE651F917B}.Release|x64.ActiveCfg = Release|x64
		{BBC5118F-79E2-49B4-BA5A-22EE651F917B}.Release|x64.Build.0 = Release|x64
		{BBC5118F-79E2-49B4-BA5A-22EE651F917B}.Release|x86.ActiveCfg = Release|x86
		{BBC5118F-79E2-49B4-BA5A-22EE651F917B}.Release|x86.Build.0 = Release|x86
		{CF09DF09-9D0A-42FB-8D77-9979E6845DEF}.Debug|Any CPU.ActiveCfg = Debug|Any CPU
		{CF09DF09-9D0A-42FB-8D77-9979E6845DEF}.Debug|Any CPU.Build.0 = Debug|Any CPU
		{CF09DF09-9D0A-42FB-8D77-9979E6845DEF}.Debug|Mixed Platforms.ActiveCfg = Debug|Any CPU
		{CF09DF09-9D0A-42FB-8D77-9979E6845DEF}.Debug|Mixed Platforms.Build.0 = Debug|Any CPU
		{CF09DF09-9D0A-42FB-8D77-9979E6845DEF}.Debug|Win32.ActiveCfg = Debug|Any CPU
		{CF09DF09-9D0A-42FB-8D77-9979E6845DEF}.Debug|x64.ActiveCfg = Debug|Any CPU
		{CF09DF09-9D0A-42FB-8D77-9979E6845DEF}.Debug|x64.Build.0 = Debug|Any CPU
		{CF09DF09-9D0A-42FB-8D77-9979E6845DEF}.Debug|x86.ActiveCfg = Debug|x86
		{CF09DF09-9D0A-42FB-8D77-9979E6845DEF}.Debug|x86.Build.0 = Debug|x86
		{CF09DF09-9D0A-42FB-8D77-9979E6845DEF}.Release|Any CPU.ActiveCfg = Release|Any CPU
		{CF09DF09-9D0A-42FB-8D77-9979E6845DEF}.Release|Any CPU.Build.0 = Release|Any CPU
		{CF09DF09-9D0A-42FB-8D77-9979E6845DEF}.Release|Mixed Platforms.ActiveCfg = Release|Any CPU
		{CF09DF09-9D0A-42FB-8D77-9979E6845DEF}.Release|Mixed Platforms.Build.0 = Release|Any CPU
		{CF09DF09-9D0A-42FB-8D77-9979E6845DEF}.Release|Win32.ActiveCfg = Release|Any CPU
		{CF09DF09-9D0A-42FB-8D77-9979E6845DEF}.Release|x64.ActiveCfg = Release|Any CPU
		{CF09DF09-9D0A-42FB-8D77-9979E6845DEF}.Release|x86.ActiveCfg = Release|Any CPU
		{48F5A556-DD77-4F36-B128-08CACF219FFB}.Debug|Any CPU.ActiveCfg = Debug|Any CPU
		{48F5A556-DD77-4F36-B128-08CACF219FFB}.Debug|Any CPU.Build.0 = Debug|Any CPU
		{48F5A556-DD77-4F36-B128-08CACF219FFB}.Debug|Mixed Platforms.ActiveCfg = Debug|Any CPU
		{48F5A556-DD77-4F36-B128-08CACF219FFB}.Debug|Mixed Platforms.Build.0 = Debug|Any CPU
		{48F5A556-DD77-4F36-B128-08CACF219FFB}.Debug|Win32.ActiveCfg = Debug|Any CPU
		{48F5A556-DD77-4F36-B128-08CACF219FFB}.Debug|x64.ActiveCfg = Debug|x64
		{48F5A556-DD77-4F36-B128-08CACF219FFB}.Debug|x64.Build.0 = Debug|x64
		{48F5A556-DD77-4F36-B128-08CACF219FFB}.Debug|x86.ActiveCfg = Debug|x86
		{48F5A556-DD77-4F36-B128-08CACF219FFB}.Debug|x86.Build.0 = Debug|x86
		{48F5A556-DD77-4F36-B128-08CACF219FFB}.Release|Any CPU.ActiveCfg = Release|Any CPU
		{48F5A556-DD77-4F36-B128-08CACF219FFB}.Release|Any CPU.Build.0 = Release|Any CPU
		{48F5A556-DD77-4F36-B128-08CACF219FFB}.Release|Mixed Platforms.ActiveCfg = Release|Any CPU
		{48F5A556-DD77-4F36-B128-08CACF219FFB}.Release|Mixed Platforms.Build.0 = Release|Any CPU
		{48F5A556-DD77-4F36-B128-08CACF219FFB}.Release|Win32.ActiveCfg = Release|Any CPU
		{48F5A556-DD77-4F36-B128-08CACF219FFB}.Release|x64.ActiveCfg = Release|Any CPU
		{48F5A556-DD77-4F36-B128-08CACF219FFB}.Release|x86.ActiveCfg = Release|Any CPU
		{538B5538-A2DE-4D8E-8B5D-649B2DEFAA93}.Debug|Any CPU.ActiveCfg = Debug|Any CPU
		{538B5538-A2DE-4D8E-8B5D-649B2DEFAA93}.Debug|Any CPU.Build.0 = Debug|Any CPU
		{538B5538-A2DE-4D8E-8B5D-649B2DEFAA93}.Debug|Mixed Platforms.ActiveCfg = Debug|Any CPU
		{538B5538-A2DE-4D8E-8B5D-649B2DEFAA93}.Debug|Mixed Platforms.Build.0 = Debug|Any CPU
		{538B5538-A2DE-4D8E-8B5D-649B2DEFAA93}.Debug|Win32.ActiveCfg = Debug|x86
		{538B5538-A2DE-4D8E-8B5D-649B2DEFAA93}.Debug|x64.ActiveCfg = Debug|Any CPU
		{538B5538-A2DE-4D8E-8B5D-649B2DEFAA93}.Debug|x64.Build.0 = Debug|Any CPU
		{538B5538-A2DE-4D8E-8B5D-649B2DEFAA93}.Debug|x86.ActiveCfg = Debug|x86
		{538B5538-A2DE-4D8E-8B5D-649B2DEFAA93}.Debug|x86.Build.0 = Debug|x86
		{538B5538-A2DE-4D8E-8B5D-649B2DEFAA93}.Release|Any CPU.ActiveCfg = Release|Any CPU
		{538B5538-A2DE-4D8E-8B5D-649B2DEFAA93}.Release|Any CPU.Build.0 = Release|Any CPU
		{538B5538-A2DE-4D8E-8B5D-649B2DEFAA93}.Release|Mixed Platforms.ActiveCfg = Release|x86
		{538B5538-A2DE-4D8E-8B5D-649B2DEFAA93}.Release|Mixed Platforms.Build.0 = Release|x86
		{538B5538-A2DE-4D8E-8B5D-649B2DEFAA93}.Release|Win32.ActiveCfg = Release|x86
		{538B5538-A2DE-4D8E-8B5D-649B2DEFAA93}.Release|x64.ActiveCfg = Release|x86
		{538B5538-A2DE-4D8E-8B5D-649B2DEFAA93}.Release|x86.ActiveCfg = Release|x86
		{538B5538-A2DE-4D8E-8B5D-649B2DEFAA93}.Release|x86.Build.0 = Release|x86
		{EF9CEF88-E6F0-443B-AC85-A5918E7BE747}.Debug|Any CPU.ActiveCfg = Debug|Any CPU
		{EF9CEF88-E6F0-443B-AC85-A5918E7BE747}.Debug|Any CPU.Build.0 = Debug|Any CPU
		{EF9CEF88-E6F0-443B-AC85-A5918E7BE747}.Debug|Mixed Platforms.ActiveCfg = Debug|Any CPU
		{EF9CEF88-E6F0-443B-AC85-A5918E7BE747}.Debug|Mixed Platforms.Build.0 = Debug|Any CPU
		{EF9CEF88-E6F0-443B-AC85-A5918E7BE747}.Debug|Win32.ActiveCfg = Debug|x86
		{EF9CEF88-E6F0-443B-AC85-A5918E7BE747}.Debug|x64.ActiveCfg = Debug|Any CPU
		{EF9CEF88-E6F0-443B-AC85-A5918E7BE747}.Debug|x64.Build.0 = Debug|Any CPU
		{EF9CEF88-E6F0-443B-AC85-A5918E7BE747}.Debug|x86.ActiveCfg = Debug|x86
		{EF9CEF88-E6F0-443B-AC85-A5918E7BE747}.Debug|x86.Build.0 = Debug|x86
		{EF9CEF88-E6F0-443B-AC85-A5918E7BE747}.Release|Any CPU.ActiveCfg = Release|Any CPU
		{EF9CEF88-E6F0-443B-AC85-A5918E7BE747}.Release|Any CPU.Build.0 = Release|Any CPU
		{EF9CEF88-E6F0-443B-AC85-A5918E7BE747}.Release|Mixed Platforms.ActiveCfg = Release|x86
		{EF9CEF88-E6F0-443B-AC85-A5918E7BE747}.Release|Mixed Platforms.Build.0 = Release|x86
		{EF9CEF88-E6F0-443B-AC85-A5918E7BE747}.Release|Win32.ActiveCfg = Release|x86
		{EF9CEF88-E6F0-443B-AC85-A5918E7BE747}.Release|x64.ActiveCfg = Release|x86
		{EF9CEF88-E6F0-443B-AC85-A5918E7BE747}.Release|x86.ActiveCfg = Release|x86
		{EF9CEF88-E6F0-443B-AC85-A5918E7BE747}.Release|x86.Build.0 = Release|x86
		{34358B27-80A6-4DD0-A890-856CA1473C56}.Debug|Any CPU.ActiveCfg = Debug|Any CPU
		{34358B27-80A6-4DD0-A890-856CA1473C56}.Debug|Any CPU.Build.0 = Debug|Any CPU
		{34358B27-80A6-4DD0-A890-856CA1473C56}.Debug|Mixed Platforms.ActiveCfg = Debug|Any CPU
		{34358B27-80A6-4DD0-A890-856CA1473C56}.Debug|Mixed Platforms.Build.0 = Debug|Any CPU
		{34358B27-80A6-4DD0-A890-856CA1473C56}.Debug|Win32.ActiveCfg = Debug|Any CPU
		{34358B27-80A6-4DD0-A890-856CA1473C56}.Debug|x64.ActiveCfg = Debug|Any CPU
		{34358B27-80A6-4DD0-A890-856CA1473C56}.Debug|x64.Build.0 = Debug|Any CPU
		{34358B27-80A6-4DD0-A890-856CA1473C56}.Debug|x86.ActiveCfg = Debug|x86
		{34358B27-80A6-4DD0-A890-856CA1473C56}.Debug|x86.Build.0 = Debug|x86
		{34358B27-80A6-4DD0-A890-856CA1473C56}.Release|Any CPU.ActiveCfg = Release|Any CPU
		{34358B27-80A6-4DD0-A890-856CA1473C56}.Release|Any CPU.Build.0 = Release|Any CPU
		{34358B27-80A6-4DD0-A890-856CA1473C56}.Release|Mixed Platforms.ActiveCfg = Release|Any CPU
		{34358B27-80A6-4DD0-A890-856CA1473C56}.Release|Mixed Platforms.Build.0 = Release|Any CPU
		{34358B27-80A6-4DD0-A890-856CA1473C56}.Release|Win32.ActiveCfg = Release|Any CPU
		{34358B27-80A6-4DD0-A890-856CA1473C56}.Release|x64.ActiveCfg = Release|x86
		{34358B27-80A6-4DD0-A890-856CA1473C56}.Release|x86.ActiveCfg = Release|x86
		{34358B27-80A6-4DD0-A890-856CA1473C56}.Release|x86.Build.0 = Release|x86
		{2A6F8F12-5B3F-4A46-8D9B-EFB943037DEA}.Debug|Any CPU.ActiveCfg = Debug|Any CPU
		{2A6F8F12-5B3F-4A46-8D9B-EFB943037DEA}.Debug|Any CPU.Build.0 = Debug|Any CPU
		{2A6F8F12-5B3F-4A46-8D9B-EFB943037DEA}.Debug|Mixed Platforms.ActiveCfg = Debug|x86
		{2A6F8F12-5B3F-4A46-8D9B-EFB943037DEA}.Debug|Mixed Platforms.Build.0 = Debug|x86
		{2A6F8F12-5B3F-4A46-8D9B-EFB943037DEA}.Debug|Win32.ActiveCfg = Debug|Any CPU
		{2A6F8F12-5B3F-4A46-8D9B-EFB943037DEA}.Debug|x64.ActiveCfg = Debug|Any CPU
		{2A6F8F12-5B3F-4A46-8D9B-EFB943037DEA}.Debug|x86.ActiveCfg = Debug|x86
		{2A6F8F12-5B3F-4A46-8D9B-EFB943037DEA}.Debug|x86.Build.0 = Debug|x86
		{2A6F8F12-5B3F-4A46-8D9B-EFB943037DEA}.Release|Any CPU.ActiveCfg = Release|Any CPU
		{2A6F8F12-5B3F-4A46-8D9B-EFB943037DEA}.Release|Any CPU.Build.0 = Release|Any CPU
		{2A6F8F12-5B3F-4A46-8D9B-EFB943037DEA}.Release|Mixed Platforms.ActiveCfg = Release|Any CPU
		{2A6F8F12-5B3F-4A46-8D9B-EFB943037DEA}.Release|Mixed Platforms.Build.0 = Release|Any CPU
		{2A6F8F12-5B3F-4A46-8D9B-EFB943037DEA}.Release|Win32.ActiveCfg = Release|Any CPU
		{2A6F8F12-5B3F-4A46-8D9B-EFB943037DEA}.Release|x64.ActiveCfg = Release|Any CPU
		{2A6F8F12-5B3F-4A46-8D9B-EFB943037DEA}.Release|x86.ActiveCfg = Release|Any CPU
		{C82C600B-BC11-441D-A489-D7AF14D2EA78}.Debug|Any CPU.ActiveCfg = Debug|Any CPU
		{C82C600B-BC11-441D-A489-D7AF14D2EA78}.Debug|Any CPU.Build.0 = Debug|Any CPU
		{C82C600B-BC11-441D-A489-D7AF14D2EA78}.Debug|Mixed Platforms.ActiveCfg = Debug|x86
		{C82C600B-BC11-441D-A489-D7AF14D2EA78}.Debug|Mixed Platforms.Build.0 = Debug|x86
		{C82C600B-BC11-441D-A489-D7AF14D2EA78}.Debug|Win32.ActiveCfg = Debug|x64
		{C82C600B-BC11-441D-A489-D7AF14D2EA78}.Debug|x64.ActiveCfg = Debug|x64
		{C82C600B-BC11-441D-A489-D7AF14D2EA78}.Debug|x64.Build.0 = Debug|x64
		{C82C600B-BC11-441D-A489-D7AF14D2EA78}.Debug|x86.ActiveCfg = Debug|x86
		{C82C600B-BC11-441D-A489-D7AF14D2EA78}.Debug|x86.Build.0 = Debug|x86
		{C82C600B-BC11-441D-A489-D7AF14D2EA78}.Release|Any CPU.ActiveCfg = Release|Any CPU
		{C82C600B-BC11-441D-A489-D7AF14D2EA78}.Release|Any CPU.Build.0 = Release|Any CPU
		{C82C600B-BC11-441D-A489-D7AF14D2EA78}.Release|Mixed Platforms.ActiveCfg = Release|x64
		{C82C600B-BC11-441D-A489-D7AF14D2EA78}.Release|Mixed Platforms.Build.0 = Release|x64
		{C82C600B-BC11-441D-A489-D7AF14D2EA78}.Release|Win32.ActiveCfg = Release|x64
		{C82C600B-BC11-441D-A489-D7AF14D2EA78}.Release|x64.ActiveCfg = Release|x64
		{C82C600B-BC11-441D-A489-D7AF14D2EA78}.Release|x64.Build.0 = Release|x64
		{C82C600B-BC11-441D-A489-D7AF14D2EA78}.Release|x86.ActiveCfg = Release|x86
		{C82C600B-BC11-441D-A489-D7AF14D2EA78}.Release|x86.Build.0 = Release|x86
		{A6C025BD-C156-4F82-B5DD-1A59D65E9C43}.Debug|Any CPU.ActiveCfg = Debug|Any CPU
		{A6C025BD-C156-4F82-B5DD-1A59D65E9C43}.Debug|Any CPU.Build.0 = Debug|Any CPU
		{A6C025BD-C156-4F82-B5DD-1A59D65E9C43}.Debug|Mixed Platforms.ActiveCfg = Debug|Any CPU
		{A6C025BD-C156-4F82-B5DD-1A59D65E9C43}.Debug|Mixed Platforms.Build.0 = Debug|Any CPU
		{A6C025BD-C156-4F82-B5DD-1A59D65E9C43}.Debug|Win32.ActiveCfg = Debug|Any CPU
		{A6C025BD-C156-4F82-B5DD-1A59D65E9C43}.Debug|Win32.Build.0 = Debug|Any CPU
		{A6C025BD-C156-4F82-B5DD-1A59D65E9C43}.Debug|x64.ActiveCfg = Debug|Any CPU
		{A6C025BD-C156-4F82-B5DD-1A59D65E9C43}.Debug|x64.Build.0 = Debug|Any CPU
		{A6C025BD-C156-4F82-B5DD-1A59D65E9C43}.Debug|x86.ActiveCfg = Debug|Any CPU
		{A6C025BD-C156-4F82-B5DD-1A59D65E9C43}.Debug|x86.Build.0 = Debug|Any CPU
		{A6C025BD-C156-4F82-B5DD-1A59D65E9C43}.Release|Any CPU.ActiveCfg = Release|Any CPU
		{A6C025BD-C156-4F82-B5DD-1A59D65E9C43}.Release|Any CPU.Build.0 = Release|Any CPU
		{A6C025BD-C156-4F82-B5DD-1A59D65E9C43}.Release|Mixed Platforms.ActiveCfg = Release|Any CPU
		{A6C025BD-C156-4F82-B5DD-1A59D65E9C43}.Release|Mixed Platforms.Build.0 = Release|Any CPU
		{A6C025BD-C156-4F82-B5DD-1A59D65E9C43}.Release|Win32.ActiveCfg = Release|Any CPU
		{A6C025BD-C156-4F82-B5DD-1A59D65E9C43}.Release|Win32.Build.0 = Release|Any CPU
		{A6C025BD-C156-4F82-B5DD-1A59D65E9C43}.Release|x64.ActiveCfg = Release|Any CPU
		{A6C025BD-C156-4F82-B5DD-1A59D65E9C43}.Release|x64.Build.0 = Release|Any CPU
		{A6C025BD-C156-4F82-B5DD-1A59D65E9C43}.Release|x86.ActiveCfg = Release|Any CPU
		{A6C025BD-C156-4F82-B5DD-1A59D65E9C43}.Release|x86.Build.0 = Release|Any CPU
		{B605CCB1-25F1-4829-B5B5-54E268FE8192}.Debug|Any CPU.ActiveCfg = Debug|Any CPU
		{B605CCB1-25F1-4829-B5B5-54E268FE8192}.Debug|Any CPU.Build.0 = Debug|Any CPU
		{B605CCB1-25F1-4829-B5B5-54E268FE8192}.Debug|Mixed Platforms.ActiveCfg = Debug|x86
		{B605CCB1-25F1-4829-B5B5-54E268FE8192}.Debug|Mixed Platforms.Build.0 = Debug|x86
		{B605CCB1-25F1-4829-B5B5-54E268FE8192}.Debug|Win32.ActiveCfg = Debug|x86
		{B605CCB1-25F1-4829-B5B5-54E268FE8192}.Debug|Win32.Build.0 = Debug|x86
		{B605CCB1-25F1-4829-B5B5-54E268FE8192}.Debug|x64.ActiveCfg = Debug|x64
		{B605CCB1-25F1-4829-B5B5-54E268FE8192}.Debug|x64.Build.0 = Debug|x64
		{B605CCB1-25F1-4829-B5B5-54E268FE8192}.Debug|x86.ActiveCfg = Debug|x86
		{B605CCB1-25F1-4829-B5B5-54E268FE8192}.Debug|x86.Build.0 = Debug|x86
		{B605CCB1-25F1-4829-B5B5-54E268FE8192}.Release|Any CPU.ActiveCfg = Release|Any CPU
		{B605CCB1-25F1-4829-B5B5-54E268FE8192}.Release|Any CPU.Build.0 = Release|Any CPU
		{B605CCB1-25F1-4829-B5B5-54E268FE8192}.Release|Mixed Platforms.ActiveCfg = Release|x86
		{B605CCB1-25F1-4829-B5B5-54E268FE8192}.Release|Mixed Platforms.Build.0 = Release|x86
		{B605CCB1-25F1-4829-B5B5-54E268FE8192}.Release|Win32.ActiveCfg = Release|x86
		{B605CCB1-25F1-4829-B5B5-54E268FE8192}.Release|Win32.Build.0 = Release|x86
		{B605CCB1-25F1-4829-B5B5-54E268FE8192}.Release|x64.ActiveCfg = Release|x64
		{B605CCB1-25F1-4829-B5B5-54E268FE8192}.Release|x64.Build.0 = Release|x64
		{B605CCB1-25F1-4829-B5B5-54E268FE8192}.Release|x86.ActiveCfg = Release|x86
		{B605CCB1-25F1-4829-B5B5-54E268FE8192}.Release|x86.Build.0 = Release|x86
		{F11C4221-1152-494E-83ED-0E4F06959A3E}.Debug|Any CPU.ActiveCfg = Debug|Any CPU
		{F11C4221-1152-494E-83ED-0E4F06959A3E}.Debug|Any CPU.Build.0 = Debug|Any CPU
		{F11C4221-1152-494E-83ED-0E4F06959A3E}.Debug|Mixed Platforms.ActiveCfg = Debug|x86
		{F11C4221-1152-494E-83ED-0E4F06959A3E}.Debug|Mixed Platforms.Build.0 = Debug|x86
		{F11C4221-1152-494E-83ED-0E4F06959A3E}.Debug|Win32.ActiveCfg = Debug|x86
		{F11C4221-1152-494E-83ED-0E4F06959A3E}.Debug|Win32.Build.0 = Debug|x86
		{F11C4221-1152-494E-83ED-0E4F06959A3E}.Debug|x64.ActiveCfg = Debug|Any CPU
		{F11C4221-1152-494E-83ED-0E4F06959A3E}.Debug|x64.Build.0 = Debug|Any CPU
		{F11C4221-1152-494E-83ED-0E4F06959A3E}.Debug|x86.ActiveCfg = Debug|x86
		{F11C4221-1152-494E-83ED-0E4F06959A3E}.Debug|x86.Build.0 = Debug|x86
		{F11C4221-1152-494E-83ED-0E4F06959A3E}.Release|Any CPU.ActiveCfg = Release|Any CPU
		{F11C4221-1152-494E-83ED-0E4F06959A3E}.Release|Any CPU.Build.0 = Release|Any CPU
		{F11C4221-1152-494E-83ED-0E4F06959A3E}.Release|Mixed Platforms.ActiveCfg = Release|x86
		{F11C4221-1152-494E-83ED-0E4F06959A3E}.Release|Mixed Platforms.Build.0 = Release|x86
		{F11C4221-1152-494E-83ED-0E4F06959A3E}.Release|Win32.ActiveCfg = Release|x86
		{F11C4221-1152-494E-83ED-0E4F06959A3E}.Release|Win32.Build.0 = Release|x86
		{F11C4221-1152-494E-83ED-0E4F06959A3E}.Release|x64.ActiveCfg = Release|Any CPU
		{F11C4221-1152-494E-83ED-0E4F06959A3E}.Release|x64.Build.0 = Release|Any CPU
		{F11C4221-1152-494E-83ED-0E4F06959A3E}.Release|x86.ActiveCfg = Release|x86
		{F11C4221-1152-494E-83ED-0E4F06959A3E}.Release|x86.Build.0 = Release|x86
		{E908C649-9545-4416-ACD8-E57709BA735B}.Debug|Any CPU.ActiveCfg = Debug|Any CPU
		{E908C649-9545-4416-ACD8-E57709BA735B}.Debug|Any CPU.Build.0 = Debug|Any CPU
		{E908C649-9545-4416-ACD8-E57709BA735B}.Debug|Mixed Platforms.ActiveCfg = Debug|x86
		{E908C649-9545-4416-ACD8-E57709BA735B}.Debug|Mixed Platforms.Build.0 = Debug|x86
		{E908C649-9545-4416-ACD8-E57709BA735B}.Debug|Win32.ActiveCfg = Debug|x86
		{E908C649-9545-4416-ACD8-E57709BA735B}.Debug|Win32.Build.0 = Debug|x86
		{E908C649-9545-4416-ACD8-E57709BA735B}.Debug|x64.ActiveCfg = Debug|Any CPU
		{E908C649-9545-4416-ACD8-E57709BA735B}.Debug|x64.Build.0 = Debug|Any CPU
		{E908C649-9545-4416-ACD8-E57709BA735B}.Debug|x86.ActiveCfg = Debug|x86
		{E908C649-9545-4416-ACD8-E57709BA735B}.Debug|x86.Build.0 = Debug|x86
		{E908C649-9545-4416-ACD8-E57709BA735B}.Release|Any CPU.ActiveCfg = Release|Any CPU
		{E908C649-9545-4416-ACD8-E57709BA735B}.Release|Any CPU.Build.0 = Release|Any CPU
		{E908C649-9545-4416-ACD8-E57709BA735B}.Release|Mixed Platforms.ActiveCfg = Release|x86
		{E908C649-9545-4416-ACD8-E57709BA735B}.Release|Mixed Platforms.Build.0 = Release|x86
		{E908C649-9545-4416-ACD8-E57709BA735B}.Release|Win32.ActiveCfg = Release|x86
		{E908C649-9545-4416-ACD8-E57709BA735B}.Release|Win32.Build.0 = Release|x86
		{E908C649-9545-4416-ACD8-E57709BA735B}.Release|x64.ActiveCfg = Release|Any CPU
		{E908C649-9545-4416-ACD8-E57709BA735B}.Release|x64.Build.0 = Release|Any CPU
		{E908C649-9545-4416-ACD8-E57709BA735B}.Release|x86.ActiveCfg = Release|x86
		{E908C649-9545-4416-ACD8-E57709BA735B}.Release|x86.Build.0 = Release|x86
		{6650D0C2-304F-43A5-96E8-871D74D2290D}.Debug|Any CPU.ActiveCfg = Debug|x86
		{6650D0C2-304F-43A5-96E8-871D74D2290D}.Debug|Mixed Platforms.ActiveCfg = Debug|x86
		{6650D0C2-304F-43A5-96E8-871D74D2290D}.Debug|Mixed Platforms.Build.0 = Debug|x86
		{6650D0C2-304F-43A5-96E8-871D74D2290D}.Debug|Win32.ActiveCfg = Debug|x86
		{6650D0C2-304F-43A5-96E8-871D74D2290D}.Debug|Win32.Build.0 = Debug|x86
		{6650D0C2-304F-43A5-96E8-871D74D2290D}.Debug|x64.ActiveCfg = Debug|x86
		{6650D0C2-304F-43A5-96E8-871D74D2290D}.Debug|x64.Build.0 = Debug|x86
		{6650D0C2-304F-43A5-96E8-871D74D2290D}.Debug|x86.ActiveCfg = Debug|x86
		{6650D0C2-304F-43A5-96E8-871D74D2290D}.Debug|x86.Build.0 = Debug|x86
		{6650D0C2-304F-43A5-96E8-871D74D2290D}.Release|Any CPU.ActiveCfg = Release|x86
		{6650D0C2-304F-43A5-96E8-871D74D2290D}.Release|Mixed Platforms.ActiveCfg = Release|x86
		{6650D0C2-304F-43A5-96E8-871D74D2290D}.Release|Mixed Platforms.Build.0 = Release|x86
		{6650D0C2-304F-43A5-96E8-871D74D2290D}.Release|Win32.ActiveCfg = Release|x86
		{6650D0C2-304F-43A5-96E8-871D74D2290D}.Release|Win32.Build.0 = Release|x86
		{6650D0C2-304F-43A5-96E8-871D74D2290D}.Release|x64.ActiveCfg = Release|x86
		{6650D0C2-304F-43A5-96E8-871D74D2290D}.Release|x86.ActiveCfg = Release|x86
		{6650D0C2-304F-43A5-96E8-871D74D2290D}.Release|x86.Build.0 = Release|x86
		{24891B0A-ECDD-40C3-8FF9-955702CC6ED0}.Debug|Any CPU.ActiveCfg = Debug|Any CPU
		{24891B0A-ECDD-40C3-8FF9-955702CC6ED0}.Debug|Any CPU.Build.0 = Debug|Any CPU
		{24891B0A-ECDD-40C3-8FF9-955702CC6ED0}.Debug|Mixed Platforms.ActiveCfg = Debug|Any CPU
		{24891B0A-ECDD-40C3-8FF9-955702CC6ED0}.Debug|Mixed Platforms.Build.0 = Debug|Any CPU
		{24891B0A-ECDD-40C3-8FF9-955702CC6ED0}.Debug|Win32.ActiveCfg = Debug|Any CPU
		{24891B0A-ECDD-40C3-8FF9-955702CC6ED0}.Debug|Win32.Build.0 = Debug|Any CPU
		{24891B0A-ECDD-40C3-8FF9-955702CC6ED0}.Debug|x64.ActiveCfg = Debug|Any CPU
		{24891B0A-ECDD-40C3-8FF9-955702CC6ED0}.Debug|x64.Build.0 = Debug|Any CPU
		{24891B0A-ECDD-40C3-8FF9-955702CC6ED0}.Debug|x86.ActiveCfg = Debug|Any CPU
		{24891B0A-ECDD-40C3-8FF9-955702CC6ED0}.Debug|x86.Build.0 = Debug|Any CPU
		{24891B0A-ECDD-40C3-8FF9-955702CC6ED0}.Release|Any CPU.ActiveCfg = Release|Any CPU
		{24891B0A-ECDD-40C3-8FF9-955702CC6ED0}.Release|Any CPU.Build.0 = Release|Any CPU
		{24891B0A-ECDD-40C3-8FF9-955702CC6ED0}.Release|Mixed Platforms.ActiveCfg = Release|Any CPU
		{24891B0A-ECDD-40C3-8FF9-955702CC6ED0}.Release|Mixed Platforms.Build.0 = Release|Any CPU
		{24891B0A-ECDD-40C3-8FF9-955702CC6ED0}.Release|Win32.ActiveCfg = Release|Any CPU
		{24891B0A-ECDD-40C3-8FF9-955702CC6ED0}.Release|Win32.Build.0 = Release|Any CPU
		{24891B0A-ECDD-40C3-8FF9-955702CC6ED0}.Release|x64.ActiveCfg = Release|Any CPU
		{24891B0A-ECDD-40C3-8FF9-955702CC6ED0}.Release|x64.Build.0 = Release|Any CPU
		{24891B0A-ECDD-40C3-8FF9-955702CC6ED0}.Release|x86.ActiveCfg = Release|Any CPU
		{24891B0A-ECDD-40C3-8FF9-955702CC6ED0}.Release|x86.Build.0 = Release|Any CPU
		{9027F91B-5DEB-47E7-A6FB-4C34219917F0}.Debug|Any CPU.ActiveCfg = Debug|Any CPU
		{9027F91B-5DEB-47E7-A6FB-4C34219917F0}.Debug|Any CPU.Build.0 = Debug|Any CPU
		{9027F91B-5DEB-47E7-A6FB-4C34219917F0}.Debug|Mixed Platforms.ActiveCfg = Debug|Any CPU
		{9027F91B-5DEB-47E7-A6FB-4C34219917F0}.Debug|Mixed Platforms.Build.0 = Debug|Any CPU
		{9027F91B-5DEB-47E7-A6FB-4C34219917F0}.Debug|Win32.ActiveCfg = Debug|Any CPU
		{9027F91B-5DEB-47E7-A6FB-4C34219917F0}.Debug|Win32.Build.0 = Debug|Any CPU
		{9027F91B-5DEB-47E7-A6FB-4C34219917F0}.Debug|x64.ActiveCfg = Debug|Any CPU
		{9027F91B-5DEB-47E7-A6FB-4C34219917F0}.Debug|x64.Build.0 = Debug|Any CPU
		{9027F91B-5DEB-47E7-A6FB-4C34219917F0}.Debug|x86.ActiveCfg = Debug|Any CPU
		{9027F91B-5DEB-47E7-A6FB-4C34219917F0}.Debug|x86.Build.0 = Debug|Any CPU
		{9027F91B-5DEB-47E7-A6FB-4C34219917F0}.Release|Any CPU.ActiveCfg = Release|Any CPU
		{9027F91B-5DEB-47E7-A6FB-4C34219917F0}.Release|Any CPU.Build.0 = Release|Any CPU
		{9027F91B-5DEB-47E7-A6FB-4C34219917F0}.Release|Mixed Platforms.ActiveCfg = Release|Any CPU
		{9027F91B-5DEB-47E7-A6FB-4C34219917F0}.Release|Mixed Platforms.Build.0 = Release|Any CPU
		{9027F91B-5DEB-47E7-A6FB-4C34219917F0}.Release|Win32.ActiveCfg = Release|Any CPU
		{9027F91B-5DEB-47E7-A6FB-4C34219917F0}.Release|Win32.Build.0 = Release|Any CPU
		{9027F91B-5DEB-47E7-A6FB-4C34219917F0}.Release|x64.ActiveCfg = Release|Any CPU
		{9027F91B-5DEB-47E7-A6FB-4C34219917F0}.Release|x64.Build.0 = Release|Any CPU
		{9027F91B-5DEB-47E7-A6FB-4C34219917F0}.Release|x86.ActiveCfg = Release|Any CPU
		{9027F91B-5DEB-47E7-A6FB-4C34219917F0}.Release|x86.Build.0 = Release|Any CPU
		{CC382D54-D3B6-4EB5-A1C1-87BF8A8782C3}.Debug|Any CPU.ActiveCfg = Debug|Any CPU
		{CC382D54-D3B6-4EB5-A1C1-87BF8A8782C3}.Debug|Any CPU.Build.0 = Debug|Any CPU
		{CC382D54-D3B6-4EB5-A1C1-87BF8A8782C3}.Debug|Mixed Platforms.ActiveCfg = Debug|Any CPU
		{CC382D54-D3B6-4EB5-A1C1-87BF8A8782C3}.Debug|Mixed Platforms.Build.0 = Debug|Any CPU
		{CC382D54-D3B6-4EB5-A1C1-87BF8A8782C3}.Debug|Win32.ActiveCfg = Debug|Any CPU
		{CC382D54-D3B6-4EB5-A1C1-87BF8A8782C3}.Debug|Win32.Build.0 = Debug|Any CPU
		{CC382D54-D3B6-4EB5-A1C1-87BF8A8782C3}.Debug|x64.ActiveCfg = Debug|Any CPU
		{CC382D54-D3B6-4EB5-A1C1-87BF8A8782C3}.Debug|x64.Build.0 = Debug|Any CPU
		{CC382D54-D3B6-4EB5-A1C1-87BF8A8782C3}.Debug|x86.ActiveCfg = Debug|Any CPU
		{CC382D54-D3B6-4EB5-A1C1-87BF8A8782C3}.Debug|x86.Build.0 = Debug|Any CPU
		{CC382D54-D3B6-4EB5-A1C1-87BF8A8782C3}.Release|Any CPU.ActiveCfg = Release|Any CPU
		{CC382D54-D3B6-4EB5-A1C1-87BF8A8782C3}.Release|Any CPU.Build.0 = Release|Any CPU
		{CC382D54-D3B6-4EB5-A1C1-87BF8A8782C3}.Release|Mixed Platforms.ActiveCfg = Release|Any CPU
		{CC382D54-D3B6-4EB5-A1C1-87BF8A8782C3}.Release|Mixed Platforms.Build.0 = Release|Any CPU
		{CC382D54-D3B6-4EB5-A1C1-87BF8A8782C3}.Release|Win32.ActiveCfg = Release|Any CPU
		{CC382D54-D3B6-4EB5-A1C1-87BF8A8782C3}.Release|Win32.Build.0 = Release|Any CPU
		{CC382D54-D3B6-4EB5-A1C1-87BF8A8782C3}.Release|x64.ActiveCfg = Release|Any CPU
		{CC382D54-D3B6-4EB5-A1C1-87BF8A8782C3}.Release|x64.Build.0 = Release|Any CPU
		{CC382D54-D3B6-4EB5-A1C1-87BF8A8782C3}.Release|x86.ActiveCfg = Release|Any CPU
		{CC382D54-D3B6-4EB5-A1C1-87BF8A8782C3}.Release|x86.Build.0 = Release|Any CPU
		{6AF0DB6B-B14A-4C18-B4B5-658B22B3273E}.Debug|Any CPU.ActiveCfg = Debug|Any CPU
		{6AF0DB6B-B14A-4C18-B4B5-658B22B3273E}.Debug|Any CPU.Build.0 = Debug|Any CPU
		{6AF0DB6B-B14A-4C18-B4B5-658B22B3273E}.Debug|Mixed Platforms.ActiveCfg = Debug|Any CPU
		{6AF0DB6B-B14A-4C18-B4B5-658B22B3273E}.Debug|Mixed Platforms.Build.0 = Debug|Any CPU
		{6AF0DB6B-B14A-4C18-B4B5-658B22B3273E}.Debug|Win32.ActiveCfg = Debug|Any CPU
		{6AF0DB6B-B14A-4C18-B4B5-658B22B3273E}.Debug|Win32.Build.0 = Debug|Any CPU
		{6AF0DB6B-B14A-4C18-B4B5-658B22B3273E}.Debug|x64.ActiveCfg = Debug|Any CPU
		{6AF0DB6B-B14A-4C18-B4B5-658B22B3273E}.Debug|x64.Build.0 = Debug|Any CPU
		{6AF0DB6B-B14A-4C18-B4B5-658B22B3273E}.Debug|x86.ActiveCfg = Debug|Any CPU
		{6AF0DB6B-B14A-4C18-B4B5-658B22B3273E}.Debug|x86.Build.0 = Debug|Any CPU
		{6AF0DB6B-B14A-4C18-B4B5-658B22B3273E}.Release|Any CPU.ActiveCfg = Release|Any CPU
		{6AF0DB6B-B14A-4C18-B4B5-658B22B3273E}.Release|Any CPU.Build.0 = Release|Any CPU
		{6AF0DB6B-B14A-4C18-B4B5-658B22B3273E}.Release|Mixed Platforms.ActiveCfg = Release|Any CPU
		{6AF0DB6B-B14A-4C18-B4B5-658B22B3273E}.Release|Mixed Platforms.Build.0 = Release|Any CPU
		{6AF0DB6B-B14A-4C18-B4B5-658B22B3273E}.Release|Win32.ActiveCfg = Release|Any CPU
		{6AF0DB6B-B14A-4C18-B4B5-658B22B3273E}.Release|Win32.Build.0 = Release|Any CPU
		{6AF0DB6B-B14A-4C18-B4B5-658B22B3273E}.Release|x64.ActiveCfg = Release|Any CPU
		{6AF0DB6B-B14A-4C18-B4B5-658B22B3273E}.Release|x64.Build.0 = Release|Any CPU
		{6AF0DB6B-B14A-4C18-B4B5-658B22B3273E}.Release|x86.ActiveCfg = Release|Any CPU
		{6AF0DB6B-B14A-4C18-B4B5-658B22B3273E}.Release|x86.Build.0 = Release|Any CPU
		{7B5442D1-075D-4BCE-AA33-4A0EF1DC0E48}.Debug|Any CPU.ActiveCfg = Debug|Any CPU
		{7B5442D1-075D-4BCE-AA33-4A0EF1DC0E48}.Debug|Any CPU.Build.0 = Debug|Any CPU
		{7B5442D1-075D-4BCE-AA33-4A0EF1DC0E48}.Debug|Mixed Platforms.ActiveCfg = Debug|Any CPU
		{7B5442D1-075D-4BCE-AA33-4A0EF1DC0E48}.Debug|Mixed Platforms.Build.0 = Debug|Any CPU
		{7B5442D1-075D-4BCE-AA33-4A0EF1DC0E48}.Debug|Win32.ActiveCfg = Debug|Any CPU
		{7B5442D1-075D-4BCE-AA33-4A0EF1DC0E48}.Debug|Win32.Build.0 = Debug|Any CPU
		{7B5442D1-075D-4BCE-AA33-4A0EF1DC0E48}.Debug|x64.ActiveCfg = Debug|Any CPU
		{7B5442D1-075D-4BCE-AA33-4A0EF1DC0E48}.Debug|x64.Build.0 = Debug|Any CPU
		{7B5442D1-075D-4BCE-AA33-4A0EF1DC0E48}.Debug|x86.ActiveCfg = Debug|Any CPU
		{7B5442D1-075D-4BCE-AA33-4A0EF1DC0E48}.Debug|x86.Build.0 = Debug|Any CPU
		{7B5442D1-075D-4BCE-AA33-4A0EF1DC0E48}.Release|Any CPU.ActiveCfg = Release|Any CPU
		{7B5442D1-075D-4BCE-AA33-4A0EF1DC0E48}.Release|Any CPU.Build.0 = Release|Any CPU
		{7B5442D1-075D-4BCE-AA33-4A0EF1DC0E48}.Release|Mixed Platforms.ActiveCfg = Release|Any CPU
		{7B5442D1-075D-4BCE-AA33-4A0EF1DC0E48}.Release|Mixed Platforms.Build.0 = Release|Any CPU
		{7B5442D1-075D-4BCE-AA33-4A0EF1DC0E48}.Release|Win32.ActiveCfg = Release|Any CPU
		{7B5442D1-075D-4BCE-AA33-4A0EF1DC0E48}.Release|Win32.Build.0 = Release|Any CPU
		{7B5442D1-075D-4BCE-AA33-4A0EF1DC0E48}.Release|x64.ActiveCfg = Release|Any CPU
		{7B5442D1-075D-4BCE-AA33-4A0EF1DC0E48}.Release|x64.Build.0 = Release|Any CPU
		{7B5442D1-075D-4BCE-AA33-4A0EF1DC0E48}.Release|x86.ActiveCfg = Release|Any CPU
		{7B5442D1-075D-4BCE-AA33-4A0EF1DC0E48}.Release|x86.Build.0 = Release|Any CPU
	EndGlobalSection
	GlobalSection(SolutionProperties) = preSolution
		HideSolutionNode = FALSE
	EndGlobalSection
	GlobalSection(NestedProjects) = preSolution
		{64916A9E-4971-4FF2-9DAF-65AB1FBD2048} = {251CDC5A-AC61-4864-B29A-F41C53A14E69}
		{307F1CDC-084E-4A9D-9208-0943DE95DA0F} = {5F9453A8-42CD-4673-AD62-D4430C3A1E5C}
		{98C61CEF-1EE1-4594-941A-B364DD57EA90} = {C3D41F21-0F89-4FA4-8A40-2EB938978F27}
		{4844D59F-ACA3-43A1-8598-448B4EB3DE90} = {32233A81-B39D-404D-B6E3-9A776E94D1F4}
		{F6417847-41B9-4B4A-9619-CF2A6F1BA30A} = {32233A81-B39D-404D-B6E3-9A776E94D1F4}
		{278F201B-5D46-43D3-A40D-A2F11BA934F2} = {E646585D-622F-4810-A46B-CA01A7C96B51}
		{5A16F873-C904-4FEB-A383-A905E133B238} = {8D5D1F5F-6707-42E2-84E8-B7A916FFEA19}
		{B9A143A3-7166-4791-8DCC-A3D11F19519F} = {F70EBC22-A2AA-4FB8-BA15-5697F26B71C6}
		{3183E37D-B910-4EEF-B662-19995AB3591D} = {E646585D-622F-4810-A46B-CA01A7C96B51}
		{DE4FB845-23AD-4F03-99C2-4B93B2DEA909} = {1D892556-7B9E-4ECC-9459-C20572045165}
		{82649E95-07E4-4166-9D55-B4705CC80836} = {251CDC5A-AC61-4864-B29A-F41C53A14E69}
		{CA8572D2-2D3C-42F0-9A07-6261B00BD5F6} = {F005C932-90EA-45EC-8FDE-67A87157336C}
		{541FAB38-2515-41F9-8856-0CA083597F92} = {83AB74DB-9EF8-4F62-8EEB-925715405F50}
		{9229C786-6088-4913-ACCD-DDE35AEE0662} = {649E03E8-D179-4139-872D-AD2280D70831}
		{2B526BC9-A530-4F9E-B52D-28DB7194C307} = {1D892556-7B9E-4ECC-9459-C20572045165}
		{6E3FDEC8-234C-4D9F-A3D7-C5EEB901C6CE} = {649E03E8-D179-4139-872D-AD2280D70831}
		{BBC5118F-79E2-49B4-BA5A-22EE651F917B} = {8D5D1F5F-6707-42E2-84E8-B7A916FFEA19}
		{CF09DF09-9D0A-42FB-8D77-9979E6845DEF} = {532F3539-96FB-4405-B8D6-97682940825D}
		{48F5A556-DD77-4F36-B128-08CACF219FFB} = {5E3979B2-2580-4C44-908F-BCDCB5B3BB92}
		{538B5538-A2DE-4D8E-8B5D-649B2DEFAA93} = {C6798E2E-9573-4C4C-8424-694879B85EF6}
		{EF9CEF88-E6F0-443B-AC85-A5918E7BE747} = {C6798E2E-9573-4C4C-8424-694879B85EF6}
		{34358B27-80A6-4DD0-A890-856CA1473C56} = {C6798E2E-9573-4C4C-8424-694879B85EF6}
		{2A6F8F12-5B3F-4A46-8D9B-EFB943037DEA} = {5E3979B2-2580-4C44-908F-BCDCB5B3BB92}
		{C82C600B-BC11-441D-A489-D7AF14D2EA78} = {F70EBC22-A2AA-4FB8-BA15-5697F26B71C6}
		{A6C025BD-C156-4F82-B5DD-1A59D65E9C43} = {90339237-5EB9-47B9-ACD4-D2DEFD421375}
		{B605CCB1-25F1-4829-B5B5-54E268FE8192} = {65FE9E66-DB32-4B51-800C-BA68928A82A3}
		{F11C4221-1152-494E-83ED-0E4F06959A3E} = {C6798E2E-9573-4C4C-8424-694879B85EF6}
		{E908C649-9545-4416-ACD8-E57709BA735B} = {C6798E2E-9573-4C4C-8424-694879B85EF6}
		{6650D0C2-304F-43A5-96E8-871D74D2290D} = {C444CB52-BFE6-405B-A96E-181EBB52F91C}
		{24891B0A-ECDD-40C3-8FF9-955702CC6ED0} = {C444CB52-BFE6-405B-A96E-181EBB52F91C}
		{9027F91B-5DEB-47E7-A6FB-4C34219917F0} = {C444CB52-BFE6-405B-A96E-181EBB52F91C}
		{CC382D54-D3B6-4EB5-A1C1-87BF8A8782C3} = {F70EBC22-A2AA-4FB8-BA15-5697F26B71C6}
		{6AF0DB6B-B14A-4C18-B4B5-658B22B3273E} = {C6798E2E-9573-4C4C-8424-694879B85EF6}
		{7B5442D1-075D-4BCE-AA33-4A0EF1DC0E48} = {251CDC5A-AC61-4864-B29A-F41C53A14E69}
	EndGlobalSection
	GlobalSection(ExtensibilityGlobals) = postSolution
		SolutionGuid = {F133DE6B-174B-4136-BF3E-A42E413A6962}
	EndGlobalSection
EndGlobal
