<?xml version="1.0" encoding="utf-8"?>
<Project ToolsVersion="4.0" xmlns="http://schemas.microsoft.com/developer/msbuild/2003">
  <ItemGroup>
    <Filter Include="Source Files">
      <UniqueIdentifier>{4FC737F1-C7A5-4376-A066-2A32D752A2FF}</UniqueIdentifier>
      <Extensions>cpp;cxx;c;def</Extensions>
    </Filter>
    <Filter Include="Header Files">
      <UniqueIdentifier>{93995380-89BD-4b04-88EB-625FBE52EBFB}</UniqueIdentifier>
      <Extensions>h</Extensions>
    </Filter>
    <Filter Include="Resource Files">
      <UniqueIdentifier>{D9D6E242-F8AF-46E4-B9FD-80ECBC20BA3E}</UniqueIdentifier>
      <Extensions>qrc;*</Extensions>
      <ParseFiles>false</ParseFiles>
    </Filter>
    <Filter Include="Generated Files">
      <UniqueIdentifier>{71ED8ED8-ACB9-4CE9-BBE1-E00B30144E11}</UniqueIdentifier>
      <Extensions>moc;h;cpp</Extensions>
      <SourceControlFiles>False</SourceControlFiles>
    </Filter>
  </ItemGroup>
  <ItemGroup>
    <ClCompile Include="..\test\EFileLockerTest.cpp">
      <Filter>Source Files</Filter>
    </ClCompile>
    <ClCompile Include="..\test\FileUtilTest.cpp">
      <Filter>Source Files</Filter>
    </ClCompile>
    <ClCompile Include="..\test\main.cpp">
      <Filter>Source Files</Filter>
    </ClCompile>
    <ClCompile Include="..\test\MyTestSchedulerTask.cpp">
      <Filter>Source Files</Filter>
    </ClCompile>
    <ClCompile Include="..\test\TestEAyarKartlar.cpp">
      <Filter>Source Files</Filter>
    </ClCompile>
    <ClCompile Include="..\test\TestEAyarKullaniciManager.cpp">
      <Filter>Source Files</Filter>
    </ClCompile>
    <ClCompile Include="..\test\TestEAyarLDAP.cpp">
      <Filter>Source Files</Filter>
    </ClCompile>
    <ClCompile Include="..\test\TestEFilter.cpp">
      <Filter>Source Files</Filter>
    </ClCompile>
    <ClCompile Include="..\test\TestEOrtamDegiskeni.cpp">
      <Filter>Source Files</Filter>
    </ClCompile>
    <ClCompile Include="..\test\TestEProcessInfo.cpp">
      <Filter>Source Files</Filter>
    </ClCompile>
    <ClCompile Include="..\test\TestEVeritabani.cpp">
      <Filter>Source Files</Filter>
    </ClCompile>
    <ClCompile Include="..\test\TestILogger.cpp">
      <Filter>Source Files</Filter>
    </ClCompile>
    <ClCompile Include="..\test\TestScheduler.cpp">
      <Filter>Source Files</Filter>
    </ClCompile>
    <ClCompile Include="..\test\TestEAyarAlici.cpp">
      <Filter>Header Files</Filter>
    </ClCompile>
    <ClCompile Include="..\built\generatedfiles\debug\moc_EAyarLdap.cpp">
      <Filter>Generated Files</Filter>
    </ClCompile>
    <ClCompile Include="generatedfiles\release\moc_EFileLockerTest.cpp">
      <Filter>Generated Files</Filter>
    </ClCompile>
    <ClCompile Include="generatedfiles\debug\moc_EFileLockerTest.cpp">
      <Filter>Generated Files</Filter>
    </ClCompile>
    <ClCompile Include="..\built\generatedfiles\debug\moc_EFileLogger.cpp">
      <Filter>Generated Files</Filter>
    </ClCompile>
    <ClCompile Include="..\built\generatedfiles\debug\moc_ELoggerRDMMapper.cpp">
      <Filter>Generated Files</Filter>
    </ClCompile>
    <ClCompile Include="..\built\generatedfiles\debug\moc_ESqliteLogger.cpp">
      <Filter>Generated Files</Filter>
    </ClCompile>
    <ClCompile Include="generatedfiles\debug\moc_FileUtilTest.cpp">
      <Filter>Generated Files</Filter>
    </ClCompile>
    <ClCompile Include="..\built\generatedfiles\debug\moc_ILogger.cpp">
      <Filter>Generated Files</Filter>
    </ClCompile>
    <ClCompile Include="..\built\generatedfiles\debug\moc_PersistenceFacade.cpp">
      <Filter>Generated Files</Filter>
    </ClCompile>
    <ClCompile Include="..\built\generatedfiles\debug\moc_qtsingleapplication.cpp">
      <Filter>Generated Files</Filter>
    </ClCompile>
    <ClCompile Include="generatedfiles\Release\moc_SchedulerTask.cpp">
      <Filter>Generated Files</Filter>
    </ClCompile>
    <ClCompile Include="generatedfiles\debug\moc_SchedulerTask.cpp">
      <Filter>Generated Files</Filter>
    </ClCompile>
    <ClCompile Include="generatedfiles\debug\moc_TestEAyarAlici.cpp">
      <Filter>Generated Files</Filter>
    </ClCompile>
    <ClCompile Include="generatedfiles\release\moc_TestEAyarAlici.cpp">
      <Filter>Generated Files</Filter>
    </ClCompile>
    <ClCompile Include="generatedfiles\debug\moc_TestEAyarKartlar.cpp">
      <Filter>Generated Files</Filter>
    </ClCompile>
    <ClCompile Include="generatedfiles\debug\moc_TestEAyarKullaniciManager.cpp">
      <Filter>Generated Files</Filter>
    </ClCompile>
    <ClCompile Include="generatedfiles\debug\moc_TestEAyarLDAP.cpp">
      <Filter>Generated Files</Filter>
    </ClCompile>
    <ClCompile Include="generatedfiles\debug\moc_TestEFilter.cpp">
      <Filter>Generated Files</Filter>
    </ClCompile>
    <ClCompile Include="generatedfiles\debug\moc_TestEOrtamDegiskeni.cpp">
      <Filter>Generated Files</Filter>
    </ClCompile>
    <ClCompile Include="generatedfiles\debug\moc_TestEProcessInfo.cpp">
      <Filter>Generated Files</Filter>
    </ClCompile>
    <ClCompile Include="generatedfiles\debug\moc_TestEVeritabani.cpp">
      <Filter>Generated Files</Filter>
    </ClCompile>
    <ClCompile Include="generatedfiles\debug\moc_TestILogger.cpp">
      <Filter>Generated Files</Filter>
    </ClCompile>
    <ClCompile Include="generatedfiles\Release\moc_TestScheduler.cpp">
      <Filter>Generated Files</Filter>
    </ClCompile>
    <ClCompile Include="generatedfiles\debug\moc_TestScheduler.cpp">
      <Filter>Generated Files</Filter>
    </ClCompile>
    <ClCompile Include="..\built\generatedfiles\debug\qrc_EsyaOrtak.cpp">
      <Filter>Generated Files</Filter>
    </ClCompile>
  </ItemGroup>
  <ItemGroup>
    <ClInclude Include="..\test\MyTestSchedulerTask.h">
      <Filter>Header Files</Filter>
    </ClInclude>
  </ItemGroup>
  <ItemGroup>
    <CustomBuild Include="..\test\TestEProcessInfo.h">
      <Filter>Source Files</Filter>
    </CustomBuild>
    <CustomBuild Include="..\test\TestScheduler.h">
      <Filter>Source Files</Filter>
    </CustomBuild>
    <CustomBuild Include="..\test\EFileLockerTest.h">
      <Filter>Header Files</Filter>
    </CustomBuild>
    <CustomBuild Include="..\test\FileUtilTest.h">
      <Filter>Header Files</Filter>
    </CustomBuild>
    <CustomBuild Include="..\src\SchedulerTask.h">
      <Filter>Header Files</Filter>
    </CustomBuild>
    <CustomBuild Include="..\test\TestEAyarAlici.h">
      <Filter>Header Files</Filter>
    </CustomBuild>
    <CustomBuild Include="..\test\TestEAyarKartlar.h">
      <Filter>Header Files</Filter>
    </CustomBuild>
    <CustomBuild Include="..\test\TestEAyarKullaniciManager.h">
      <Filter>Header Files</Filter>
    </CustomBuild>
    <CustomBuild Include="..\test\TestEAyarLDAP.h">
      <Filter>Header Files</Filter>
    </CustomBuild>
    <CustomBuild Include="..\test\TestEFilter.h">
      <Filter>Header Files</Filter>
    </CustomBuild>
    <CustomBuild Include="..\test\TestEOrtamDegiskeni.h">
      <Filter>Header Files</Filter>
    </CustomBuild>
    <CustomBuild Include="..\test\TestEVeritabani.h">
      <Filter>Header Files</Filter>
    </CustomBuild>
    <CustomBuild Include="..\test\TestILogger.h">
      <Filter>Header Files</Filter>
    </CustomBuild>
  </ItemGroup>
</Project>